// !$*UTF8*$!
{
	archiveVersion = 1;
	classes = {
	};
	objectVersion = 50;
	objects = {

/* Begin PBXBuildFile section */
		DC52A111272288350035E93C /* AppDelegate.m in Sources */ = {isa = PBXBuildFile; fileRef = DC52A110272288350035E93C /* AppDelegate.m */; };
		DC52A114272288350035E93C /* SceneDelegate.m in Sources */ = {isa = PBXBuildFile; fileRef = DC52A113272288350035E93C /* SceneDelegate.m */; };
		DC52A117272288350035E93C /* ViewController.m in Sources */ = {isa = PBXBuildFile; fileRef = DC52A116272288350035E93C /* ViewController.m */; };
		DC52A11A272288350035E93C /* Main.storyboard in Resources */ = {isa = PBXBuildFile; fileRef = DC52A118272288350035E93C /* Main.storyboard */; };
		DC52A11C272288370035E93C /* Assets.xcassets in Resources */ = {isa = PBXBuildFile; fileRef = DC52A11B272288370035E93C /* Assets.xcassets */; };
		DC52A11F272288370035E93C /* LaunchScreen.storyboard in Resources */ = {isa = PBXBuildFile; fileRef = DC52A11D272288370035E93C /* LaunchScreen.storyboard */; };
		DC52A122272288370035E93C /* main.m in Sources */ = {isa = PBXBuildFile; fileRef = DC52A121272288370035E93C /* main.m */; };
		DC52A12A2722886F0035E93C /* UIImageView+MyImageView.m in Sources */ = {isa = PBXBuildFile; fileRef = DC52A1292722886F0035E93C /* UIImageView+MyImageView.m */; };
/* End PBXBuildFile section */

/* Begin PBXFileReference section */
		DC52A10C272288350035E93C /* 06-关联对象.app */ = {isa = PBXFileReference; explicitFileType = wrapper.application; includeInIndex = 0; path = "06-关联对象.app"; sourceTree = BUILT_PRODUCTS_DIR; };
		DC52A10F272288350035E93C /* AppDelegate.h */ = {isa = PBXFileReference; lastKnownFileType = sourcecode.c.h; path = AppDelegate.h; sourceTree = "<group>"; };
		DC52A110272288350035E93C /* AppDelegate.m */ = {isa = PBXFileReference; lastKnownFileType = sourcecode.c.objc; path = AppDelegate.m; sourceTree = "<group>"; };
		DC52A112272288350035E93C /* SceneDelegate.h */ = {isa = PBXFileReference; lastKnownFileType = sourcecode.c.h; path = SceneDelegate.h; sourceTree = "<group>"; };
		DC52A113272288350035E93C /* SceneDelegate.m */ = {isa = PBXFileReference; lastKnownFileType = sourcecode.c.objc; path = SceneDelegate.m; sourceTree = "<group>"; };
		DC52A115272288350035E93C /* ViewController.h */ = {isa = PBXFileReference; lastKnownFileType = sourcecode.c.h; path = ViewController.h; sourceTree = "<group>"; };
		DC52A116272288350035E93C /* ViewController.m */ = {isa = PBXFileReference; lastKnownFileType = sourcecode.c.objc; path = ViewController.m; sourceTree = "<group>"; };
		DC52A119272288350035E93C /* Base */ = {isa = PBXFileReference; lastKnownFileType = file.storyboard; name = Base; path = Base.lproj/Main.storyboard; sourceTree = "<group>"; };
		DC52A11B272288370035E93C /* Assets.xcassets */ = {isa = PBXFileReference; lastKnownFileType = folder.assetcatalog; path = Assets.xcassets; sourceTree = "<group>"; };
		DC52A11E272288370035E93C /* Base */ = {isa = PBXFileReference; lastKnownFileType = file.storyboard; name = Base; path = Base.lproj/LaunchScreen.storyboard; sourceTree = "<group>"; };
		DC52A120272288370035E93C /* Info.plist */ = {isa = PBXFileReference; lastKnownFileType = text.plist.xml; path = Info.plist; sourceTree = "<group>"; };
		DC52A121272288370035E93C /* main.m */ = {isa = PBXFileReference; lastKnownFileType = sourcecode.c.objc; path = main.m; sourceTree = "<group>"; };
		DC52A1282722886F0035E93C /* UIImageView+MyImageView.h */ = {isa = PBXFileReference; lastKnownFileType = sourcecode.c.h; path = "UIImageView+MyImageView.h"; sourceTree = "<group>"; };
		DC52A1292722886F0035E93C /* UIImageView+MyImageView.m */ = {isa = PBXFileReference; lastKnownFileType = sourcecode.c.objc; path = "UIImageView+MyImageView.m"; sourceTree = "<group>"; };
/* End PBXFileReference section */

/* Begin PBXFrameworksBuildPhase section */
		DC52A109272288350035E93C /* Frameworks */ = {
			isa = PBXFrameworksBuildPhase;
			buildActionMask = 2147483647;
			files = (
			);
			runOnlyForDeploymentPostprocessing = 0;
		};
/* End PBXFrameworksBuildPhase section */

/* Begin PBXGroup section */
		DC52A103272288350035E93C = {
			isa = PBXGroup;
			children = (
				DC52A10E272288350035E93C /* 06-关联对象 */,
				DC52A10D272288350035E93C /* Products */,
			);
			sourceTree = "<group>";
		};
		DC52A10D272288350035E93C /* Products */ = {
			isa = PBXGroup;
			children = (
				DC52A10C272288350035E93C /* 06-关联对象.app */,
			);
			name = Products;
			sourceTree = "<group>";
		};
		DC52A10E272288350035E93C /* 06-关联对象 */ = {
			isa = PBXGroup;
			children = (
				DC52A10F272288350035E93C /* AppDelegate.h */,
				DC52A110272288350035E93C /* AppDelegate.m */,
				DC52A112272288350035E93C /* SceneDelegate.h */,
				DC52A113272288350035E93C /* SceneDelegate.m */,
				DC52A115272288350035E93C /* ViewController.h */,
				DC52A116272288350035E93C /* ViewController.m */,
				DC52A118272288350035E93C /* Main.storyboard */,
				DC52A11B272288370035E93C /* Assets.xcassets */,
				DC52A11D272288370035E93C /* LaunchScreen.storyboard */,
				DC52A120272288370035E93C /* Info.plist */,
				DC52A121272288370035E93C /* main.m */,
				DC52A1282722886F0035E93C /* UIImageView+MyImageView.h */,
				DC52A1292722886F0035E93C /* UIImageView+MyImageView.m */,
			);
			path = "06-关联对象";
			sourceTree = "<group>";
		};
/* End PBXGroup section */

/* Begin PBXNativeTarget section */
		DC52A10B272288350035E93C /* 06-关联对象 */ = {
			isa = PBXNativeTarget;
			buildConfigurationList = DC52A125272288370035E93C /* Build configuration list for PBXNativeTarget "06-关联对象" */;
			buildPhases = (
				DC52A108272288350035E93C /* Sources */,
				DC52A109272288350035E93C /* Frameworks */,
				DC52A10A272288350035E93C /* Resources */,
			);
			buildRules = (
			);
			dependencies = (
			);
			name = "06-关联对象";
			productName = "06-关联对象";
			productReference = DC52A10C272288350035E93C /* 06-关联对象.app */;
			productType = "com.apple.product-type.application";
		};
/* End PBXNativeTarget section */

/* Begin PBXProject section */
		DC52A104272288350035E93C /* Project object */ = {
			isa = PBXProject;
			attributes = {
				LastUpgradeCheck = 1120;
				ORGANIZATIONNAME = "Peyet-Zhao";
				TargetAttributes = {
					DC52A10B272288350035E93C = {
						CreatedOnToolsVersion = 11.2.1;
					};
				};
			};
			buildConfigurationList = DC52A107272288350035E93C /* Build configuration list for PBXProject "06-关联对象" */;
			compatibilityVersion = "Xcode 9.3";
			developmentRegion = en;
			hasScannedForEncodings = 0;
			knownRegions = (
				en,
				Base,
			);
			mainGroup = DC52A103272288350035E93C;
			productRefGroup = DC52A10D272288350035E93C /* Products */;
			projectDirPath = "";
			projectRoot = "";
			targets = (
				DC52A10B272288350035E93C /* 06-关联对象 */,
			);
		};
/* End PBXProject section */

/* Begin PBXResourcesBuildPhase section */
		DC52A10A272288350035E93C /* Resources */ = {
			isa = PBXResourcesBuildPhase;
			buildActionMask = 2147483647;
			files = (
				DC52A11F272288370035E93C /* LaunchScreen.storyboard in Resources */,
				DC52A11C272288370035E93C /* Assets.xcassets in Resources */,
				DC52A11A272288350035E93C /* Main.storyboard in Resources */,
			);
			runOnlyForDeploymentPostprocessing = 0;
		};
/* End PBXResourcesBuildPhase section */

/* Begin PBXSourcesBuildPhase section */
		DC52A108272288350035E93C /* Sources */ = {
			isa = PBXSourcesBuildPhase;
			buildActionMask = 2147483647;
			files = (
				DC52A117272288350035E93C /* ViewController.m in Sources */,
				DC52A111272288350035E93C /* AppDelegate.m in Sources */,
				DC52A122272288370035E93C /* main.m in Sources */,
				DC52A114272288350035E93C /* SceneDelegate.m in Sources */,
				DC52A12A2722886F0035E93C /* UIImageView+MyImageView.m in Sources */,
			);
			runOnlyForDeploymentPostprocessing = 0;
		};
/* End PBXSourcesBuildPhase section */

/* Begin PBXVariantGroup section */
		DC52A118272288350035E93C /* Main.storyboard */ = {
			isa = PBXVariantGroup;
			children = (
				DC52A119272288350035E93C /* Base */,
			);
			name = Main.storyboard;
			sourceTree = "<group>";
		};
		DC52A11D272288370035E93C /* LaunchScreen.storyboard */ = {
			isa = PBXVariantGroup;
			children = (
				DC52A11E272288370035E93C /* Base */,
			);
			name = LaunchScreen.storyboard;
			sourceTree = "<group>";
		};
/* End PBXVariantGroup section */

/* Begin XCBuildConfiguration section */
		DC52A123272288370035E93C /* Debug */ = {
			isa = XCBuildConfiguration;
			buildSettings = {
				ALWAYS_SEARCH_USER_PATHS = NO;
				CLANG_ANALYZER_NONNULL = YES;
				CLANG_ANALYZER_NUMBER_OBJECT_CONVERSION = YES_AGGRESSIVE;
				CLANG_CXX_LANGUAGE_STANDARD = "gnu++14";
				CLANG_CXX_LIBRARY = "libc++";
				CLANG_ENABLE_MODULES = YES;
				CLANG_ENABLE_OBJC_ARC = YES;
				CLANG_ENABLE_OBJC_WEAK = YES;
				CLANG_WARN_BLOCK_CAPTURE_AUTORELEASING = YES;
				CLANG_WARN_BOOL_CONVERSION = YES;
				CLANG_WARN_COMMA = YES;
				CLANG_WARN_CONSTANT_CONVERSION = YES;
				CLANG_WARN_DEPRECATED_OBJC_IMPLEMENTATIONS = YES;
				CLANG_WARN_DIRECT_OBJC_ISA_USAGE = YES_ERROR;
				CLANG_WARN_DOCUMENTATION_COMMENTS = YES;
				CLANG_WARN_EMPTY_BODY = YES;
				CLANG_WARN_ENUM_CONVERSION = YES;
				CLANG_WARN_INFINITE_RECURSION = YES;
				CLANG_WARN_INT_CONVERSION = YES;
				CLANG_WARN_NON_LITERAL_NULL_CONVERSION = YES;
				CLANG_WARN_OBJC_IMPLICIT_RETAIN_SELF = YES;
				CLANG_WARN_OBJC_LITERAL_CONVERSION = YES;
				CLANG_WARN_OBJC_ROOT_CLASS = YES_ERROR;
				CLANG_WARN_RANGE_LOOP_ANALYSIS = YES;
				CLANG_WARN_STRICT_PROTOTYPES = YES;
				CLANG_WARN_SUSPICIOUS_MOVE = YES;
				CLANG_WARN_UNGUARDED_AVAILABILITY = YES_AGGRESSIVE;
				CLANG_WARN_UNREACHABLE_CODE = YES;
				CLANG_WARN__DUPLICATE_METHOD_MATCH = YES;
				COPY_PHASE_STRIP = NO;
				DEBUG_INFORMATION_FORMAT = dwarf;
				ENABLE_STRICT_OBJC_MSGSEND = YES;
				ENABLE_TESTABILITY = YES;
				GCC_C_LANGUAGE_STANDARD = gnu11;
				GCC_DYNAMIC_NO_PIC = NO;
				GCC_NO_COMMON_BLOCKS = YES;
				GCC_OPTIMIZATION_LEVEL = 0;
				GCC_PREPROCESSOR_DEFINITIONS = (
					"DEBUG=1",
					"$(inherited)",
				);
				GCC_WARN_64_TO_32_BIT_CONVERSION = YES;
				GCC_WARN_ABOUT_RETURN_TYPE = YES_ERROR;
				GCC_WARN_UNDECLARED_SELECTOR = YES;
				GCC_WARN_UNINITIALIZED_AUTOS = YES_AGGRESSIVE;
				GCC_WARN_UNUSED_FUNCTION = YES;
				GCC_WARN_UNUSED_VARIABLE = YES;
				IPHONEOS_DEPLOYMENT_TARGET = 13.2;
				MTL_ENABLE_DEBUG_INFO = INCLUDE_SOURCE;
				MTL_FAST_MATH = YES;
				ONLY_ACTIVE_ARCH = YES;
				SDKROOT = iphoneos;
			};
			name = Debug;
		};
		DC52A124272288370035E93C /* Release */ = {
			isa = XCBuildConfiguration;
			buildSettings = {
				ALWAYS_SEARCH_USER_PATHS = NO;
				CLANG_ANALYZER_NONNULL = YES;
				CLANG_ANALYZER_NUMBER_OBJECT_CONVERSION = YES_AGGRESSIVE;
				CLANG_CXX_LANGUAGE_STANDARD = "gnu++14";
				CLANG_CXX_LIBRARY = "libc++";
				CLANG_ENABLE_MODULES = YES;
				CLANG_ENABLE_OBJC_ARC = YES;
				CLANG_ENABLE_OBJC_WEAK = YES;
				CLANG_WARN_BLOCK_CAPTURE_AUTORELEASING = YES;
				CLANG_WARN_BOOL_CONVERSION = YES;
				CLANG_WARN_COMMA = YES;
				CLANG_WARN_CONSTANT_CONVERSION = YES;
				CLANG_WARN_DEPRECATED_OBJC_IMPLEMENTATIONS = YES;
				CLANG_WARN_DIRECT_OBJC_ISA_USAGE = YES_ERROR;
				CLANG_WARN_DOCUMENTATION_COMMENTS = YES;
				CLANG_WARN_EMPTY_BODY = YES;
				CLANG_WARN_ENUM_CONVERSION = YES;
				CLANG_WARN_INFINITE_RECURSION = YES;
				CLANG_WARN_INT_CONVERSION = YES;
				CLANG_WARN_NON_LITERAL_NULL_CONVERSION = YES;
				CLANG_WARN_OBJC_IMPLICIT_RETAIN_SELF = YES;
				CLANG_WARN_OBJC_LITERAL_CONVERSION = YES;
				CLANG_WARN_OBJC_ROOT_CLASS = YES_ERROR;
				CLANG_WARN_RANGE_LOOP_ANALYSIS = YES;
				CLANG_WARN_STRICT_PROTOTYPES = YES;
				CLANG_WARN_SUSPICIOUS_MOVE = YES;
				CLANG_WARN_UNGUARDED_AVAILABILITY = YES_AGGRESSIVE;
				CLANG_WARN_UNREACHABLE_CODE = YES;
				CLANG_WARN__DUPLICATE_METHOD_MATCH = YES;
				COPY_PHASE_STRIP = NO;
				DEBUG_INFORMATION_FORMAT = "dwarf-with-dsym";
				ENABLE_NS_ASSERTIONS = NO;
				ENABLE_STRICT_OBJC_MSGSEND = YES;
				GCC_C_LANGUAGE_STANDARD = gnu11;
				GCC_NO_COMMON_BLOCKS = YES;
				GCC_WARN_64_TO_32_BIT_CONVERSION = YES;
				GCC_WARN_ABOUT_RETURN_TYPE = YES_ERROR;
				GCC_WARN_UNDECLARED_SELECTOR = YES;
				GCC_WARN_UNINITIALIZED_AUTOS = YES_AGGRESSIVE;
				GCC_WARN_UNUSED_FUNCTION = YES;
				GCC_WARN_UNUSED_VARIABLE = YES;
				IPHONEOS_DEPLOYMENT_TARGET = 13.2;
				MTL_ENABLE_DEBUG_INFO = NO;
				MTL_FAST_MATH = YES;
				SDKROOT = iphoneos;
				VALIDATE_PRODUCT = YES;
			};
			name = Release;
		};
		DC52A126272288370035E93C /* Debug */ = {
			isa = XCBuildConfiguration;
			buildSettings = {
				ASSETCATALOG_COMPILER_APPICON_NAME = AppIcon;
				CODE_SIGN_STYLE = Automatic;
				INFOPLIST_FILE = "06-关联对象/Info.plist";
				LD_RUNPATH_SEARCH_PATHS = (
					"$(inherited)",
					"@executable_path/Frameworks",
				);
				PRODUCT_BUNDLE_IDENTIFIER = "org.peyet.iOS.-6-----";
				PRODUCT_NAME = "$(TARGET_NAME)";
				TARGETED_DEVICE_FAMILY = "1,2";
			};
			name = Debug;
		};
		DC52A127272288370035E93C /* Release */ = {
			isa = XCBuildConfiguration;
			buildSettings = {
				ASSETCATALOG_COMPILER_APPICON_NAME = AppIcon;
				CODE_SIGN_STYLE = Automatic;
				INFOPLIST_FILE = "06-关联对象/Info.plist";
				LD_RUNPATH_SEARCH_PATHS = (
					"$(inherited)",
					"@executable_path/Frameworks",
				);
				PRODUCT_BUNDLE_IDENTIFIER = "org.peyet.iOS.-6-----";
				PRODUCT_NAME = "$(TARGET_NAME)";
				TARGETED_DEVICE_FAMILY = "1,2";
			};
			name = Release;
		};
/* End XCBuildConfiguration section */

/* Begin XCConfigurationList section */
		DC52A107272288350035E93C /* Build configuration list for PBXProject "06-关联对象" */ = {
			isa = XCConfigurationList;
			buildConfigurations = (
				DC52A123272288370035E93C /* Debug */,
				DC52A124272288370035E93C /* Release */,
			);
			defaultConfigurationIsVisible = 0;
			defaultConfigurationName = Release;
		};
		DC52A125272288370035E93C /* Build configuration list for PBXNativeTarget "06-关联对象" */ = {
			isa = XCConfigurationList;
			buildConfigurations = (
				DC52A126272288370035E93C /* Debug */,
				DC52A127272288370035E93C /* Release */,
			);
			defaultConfigurationIsVisible = 0;
			defaultConfigurationName = Release;
		};
/* End XCConfigurationList section */
	};
	rootObject = DC52A104272288350035E93C /* Project object */;
}
