// !$*UTF8*$!
{
	archiveVersion = 1;
	classes = {
	};
	objectVersion = 50;
	objects = {

/* Begin PBXBuildFile section */
		DCA07377270810C4004AD391 /* AppDelegate.m in Sources */ = {isa = PBXBuildFile; fileRef = DCA07376270810C4004AD391 /* AppDelegate.m */; };
		DCA0737A270810C4004AD391 /* SceneDelegate.m in Sources */ = {isa = PBXBuildFile; fileRef = DCA07379270810C4004AD391 /* SceneDelegate.m */; };
		DCA0737D270810C4004AD391 /* ViewController.m in Sources */ = {isa = PBXBuildFile; fileRef = DCA0737C270810C4004AD391 /* ViewController.m */; };
		DCA07380270810C4004AD391 /* Main.storyboard in Resources */ = {isa = PBXBuildFile; fileRef = DCA0737E270810C4004AD391 /* Main.storyboard */; };
		DCA07382270810C6004AD391 /* Assets.xcassets in Resources */ = {isa = PBXBuildFile; fileRef = DCA07381270810C6004AD391 /* Assets.xcassets */; };
		DCA07385270810C6004AD391 /* LaunchScreen.storyboard in Resources */ = {isa = PBXBuildFile; fileRef = DCA07383270810C6004AD391 /* LaunchScreen.storyboard */; };
		DCA07388270810C6004AD391 /* main.m in Sources */ = {isa = PBXBuildFile; fileRef = DCA07387270810C6004AD391 /* main.m */; };
/* End PBXBuildFile section */

/* Begin PBXFileReference section */
		DCA07372270810C4004AD391 /* 04-偏好设置.app */ = {isa = PBXFileReference; explicitFileType = wrapper.application; includeInIndex = 0; path = "04-偏好设置.app"; sourceTree = BUILT_PRODUCTS_DIR; };
		DCA07375270810C4004AD391 /* AppDelegate.h */ = {isa = PBXFileReference; lastKnownFileType = sourcecode.c.h; path = AppDelegate.h; sourceTree = "<group>"; };
		DCA07376270810C4004AD391 /* AppDelegate.m */ = {isa = PBXFileReference; lastKnownFileType = sourcecode.c.objc; path = AppDelegate.m; sourceTree = "<group>"; };
		DCA07378270810C4004AD391 /* SceneDelegate.h */ = {isa = PBXFileReference; lastKnownFileType = sourcecode.c.h; path = SceneDelegate.h; sourceTree = "<group>"; };
		DCA07379270810C4004AD391 /* SceneDelegate.m */ = {isa = PBXFileReference; lastKnownFileType = sourcecode.c.objc; path = SceneDelegate.m; sourceTree = "<group>"; };
		DCA0737B270810C4004AD391 /* ViewController.h */ = {isa = PBXFileReference; lastKnownFileType = sourcecode.c.h; path = ViewController.h; sourceTree = "<group>"; };
		DCA0737C270810C4004AD391 /* ViewController.m */ = {isa = PBXFileReference; lastKnownFileType = sourcecode.c.objc; path = ViewController.m; sourceTree = "<group>"; };
		DCA0737F270810C4004AD391 /* Base */ = {isa = PBXFileReference; lastKnownFileType = file.storyboard; name = Base; path = Base.lproj/Main.storyboard; sourceTree = "<group>"; };
		DCA07381270810C6004AD391 /* Assets.xcassets */ = {isa = PBXFileReference; lastKnownFileType = folder.assetcatalog; path = Assets.xcassets; sourceTree = "<group>"; };
		DCA07384270810C6004AD391 /* Base */ = {isa = PBXFileReference; lastKnownFileType = file.storyboard; name = Base; path = Base.lproj/LaunchScreen.storyboard; sourceTree = "<group>"; };
		DCA07386270810C6004AD391 /* Info.plist */ = {isa = PBXFileReference; lastKnownFileType = text.plist.xml; path = Info.plist; sourceTree = "<group>"; };
		DCA07387270810C6004AD391 /* main.m */ = {isa = PBXFileReference; lastKnownFileType = sourcecode.c.objc; path = main.m; sourceTree = "<group>"; };
/* End PBXFileReference section */

/* Begin PBXFrameworksBuildPhase section */
		DCA0736F270810C4004AD391 /* Frameworks */ = {
			isa = PBXFrameworksBuildPhase;
			buildActionMask = 2147483647;
			files = (
			);
			runOnlyForDeploymentPostprocessing = 0;
		};
/* End PBXFrameworksBuildPhase section */

/* Begin PBXGroup section */
		DCA07369270810C4004AD391 = {
			isa = PBXGroup;
			children = (
				DCA07374270810C4004AD391 /* 04-偏好设置 */,
				DCA07373270810C4004AD391 /* Products */,
			);
			sourceTree = "<group>";
		};
		DCA07373270810C4004AD391 /* Products */ = {
			isa = PBXGroup;
			children = (
				DCA07372270810C4004AD391 /* 04-偏好设置.app */,
			);
			name = Products;
			sourceTree = "<group>";
		};
		DCA07374270810C4004AD391 /* 04-偏好设置 */ = {
			isa = PBXGroup;
			children = (
				DCA07375270810C4004AD391 /* AppDelegate.h */,
				DCA07376270810C4004AD391 /* AppDelegate.m */,
				DCA07378270810C4004AD391 /* SceneDelegate.h */,
				DCA07379270810C4004AD391 /* SceneDelegate.m */,
				DCA0737B270810C4004AD391 /* ViewController.h */,
				DCA0737C270810C4004AD391 /* ViewController.m */,
				DCA0737E270810C4004AD391 /* Main.storyboard */,
				DCA07381270810C6004AD391 /* Assets.xcassets */,
				DCA07383270810C6004AD391 /* LaunchScreen.storyboard */,
				DCA07386270810C6004AD391 /* Info.plist */,
				DCA07387270810C6004AD391 /* main.m */,
			);
			path = "04-偏好设置";
			sourceTree = "<group>";
		};
/* End PBXGroup section */

/* Begin PBXNativeTarget section */
		DCA07371270810C4004AD391 /* 04-偏好设置 */ = {
			isa = PBXNativeTarget;
			buildConfigurationList = DCA0738B270810C6004AD391 /* Build configuration list for PBXNativeTarget "04-偏好设置" */;
			buildPhases = (
				DCA0736E270810C4004AD391 /* Sources */,
				DCA0736F270810C4004AD391 /* Frameworks */,
				DCA07370270810C4004AD391 /* Resources */,
			);
			buildRules = (
			);
			dependencies = (
			);
			name = "04-偏好设置";
			productName = "04-偏好设置";
			productReference = DCA07372270810C4004AD391 /* 04-偏好设置.app */;
			productType = "com.apple.product-type.application";
		};
/* End PBXNativeTarget section */

/* Begin PBXProject section */
		DCA0736A270810C4004AD391 /* Project object */ = {
			isa = PBXProject;
			attributes = {
				LastUpgradeCheck = 1120;
				ORGANIZATIONNAME = "Peyet-Zhao";
				TargetAttributes = {
					DCA07371270810C4004AD391 = {
						CreatedOnToolsVersion = 11.2.1;
					};
				};
			};
			buildConfigurationList = DCA0736D270810C4004AD391 /* Build configuration list for PBXProject "04-偏好设置" */;
			compatibilityVersion = "Xcode 9.3";
			developmentRegion = en;
			hasScannedForEncodings = 0;
			knownRegions = (
				en,
				Base,
			);
			mainGroup = DCA07369270810C4004AD391;
			productRefGroup = DCA07373270810C4004AD391 /* Products */;
			projectDirPath = "";
			projectRoot = "";
			targets = (
				DCA07371270810C4004AD391 /* 04-偏好设置 */,
			);
		};
/* End PBXProject section */

/* Begin PBXResourcesBuildPhase section */
		DCA07370270810C4004AD391 /* Resources */ = {
			isa = PBXResourcesBuildPhase;
			buildActionMask = 2147483647;
			files = (
				DCA07385270810C6004AD391 /* LaunchScreen.storyboard in Resources */,
				DCA07382270810C6004AD391 /* Assets.xcassets in Resources */,
				DCA07380270810C4004AD391 /* Main.storyboard in Resources */,
			);
			runOnlyForDeploymentPostprocessing = 0;
		};
/* End PBXResourcesBuildPhase section */

/* Begin PBXSourcesBuildPhase section */
		DCA0736E270810C4004AD391 /* Sources */ = {
			isa = PBXSourcesBuildPhase;
			buildActionMask = 2147483647;
			files = (
				DCA0737D270810C4004AD391 /* ViewController.m in Sources */,
				DCA07377270810C4004AD391 /* AppDelegate.m in Sources */,
				DCA07388270810C6004AD391 /* main.m in Sources */,
				DCA0737A270810C4004AD391 /* SceneDelegate.m in Sources */,
			);
			runOnlyForDeploymentPostprocessing = 0;
		};
/* End PBXSourcesBuildPhase section */

/* Begin PBXVariantGroup section */
		DCA0737E270810C4004AD391 /* Main.storyboard */ = {
			isa = PBXVariantGroup;
			children = (
				DCA0737F270810C4004AD391 /* Base */,
			);
			name = Main.storyboard;
			sourceTree = "<group>";
		};
		DCA07383270810C6004AD391 /* LaunchScreen.storyboard */ = {
			isa = PBXVariantGroup;
			children = (
				DCA07384270810C6004AD391 /* Base */,
			);
			name = LaunchScreen.storyboard;
			sourceTree = "<group>";
		};
/* End PBXVariantGroup section */

/* Begin XCBuildConfiguration section */
		DCA07389270810C6004AD391 /* Debug */ = {
			isa = XCBuildConfiguration;
			buildSettings = {
				ALWAYS_SEARCH_USER_PATHS = NO;
				CLANG_ANALYZER_NONNULL = YES;
				CLANG_ANALYZER_NUMBER_OBJECT_CONVERSION = YES_AGGRESSIVE;
				CLANG_CXX_LANGUAGE_STANDARD = "gnu++14";
				CLANG_CXX_LIBRARY = "libc++";
				CLANG_ENABLE_MODULES = YES;
				CLANG_ENABLE_OBJC_ARC = YES;
				CLANG_ENABLE_OBJC_WEAK = YES;
				CLANG_WARN_BLOCK_CAPTURE_AUTORELEASING = YES;
				CLANG_WARN_BOOL_CONVERSION = YES;
				CLANG_WARN_COMMA = YES;
				CLANG_WARN_CONSTANT_CONVERSION = YES;
				CLANG_WARN_DEPRECATED_OBJC_IMPLEMENTATIONS = YES;
				CLANG_WARN_DIRECT_OBJC_ISA_USAGE = YES_ERROR;
				CLANG_WARN_DOCUMENTATION_COMMENTS = YES;
				CLANG_WARN_EMPTY_BODY = YES;
				CLANG_WARN_ENUM_CONVERSION = YES;
				CLANG_WARN_INFINITE_RECURSION = YES;
				CLANG_WARN_INT_CONVERSION = YES;
				CLANG_WARN_NON_LITERAL_NULL_CONVERSION = YES;
				CLANG_WARN_OBJC_IMPLICIT_RETAIN_SELF = YES;
				CLANG_WARN_OBJC_LITERAL_CONVERSION = YES;
				CLANG_WARN_OBJC_ROOT_CLASS = YES_ERROR;
				CLANG_WARN_RANGE_LOOP_ANALYSIS = YES;
				CLANG_WARN_STRICT_PROTOTYPES = YES;
				CLANG_WARN_SUSPICIOUS_MOVE = YES;
				CLANG_WARN_UNGUARDED_AVAILABILITY = YES_AGGRESSIVE;
				CLANG_WARN_UNREACHABLE_CODE = YES;
				CLANG_WARN__DUPLICATE_METHOD_MATCH = YES;
				COPY_PHASE_STRIP = NO;
				DEBUG_INFORMATION_FORMAT = dwarf;
				ENABLE_STRICT_OBJC_MSGSEND = YES;
				ENABLE_TESTABILITY = YES;
				GCC_C_LANGUAGE_STANDARD = gnu11;
				GCC_DYNAMIC_NO_PIC = NO;
				GCC_NO_COMMON_BLOCKS = YES;
				GCC_OPTIMIZATION_LEVEL = 0;
				GCC_PREPROCESSOR_DEFINITIONS = (
					"DEBUG=1",
					"$(inherited)",
				);
				GCC_WARN_64_TO_32_BIT_CONVERSION = YES;
				GCC_WARN_ABOUT_RETURN_TYPE = YES_ERROR;
				GCC_WARN_UNDECLARED_SELECTOR = YES;
				GCC_WARN_UNINITIALIZED_AUTOS = YES_AGGRESSIVE;
				GCC_WARN_UNUSED_FUNCTION = YES;
				GCC_WARN_UNUSED_VARIABLE = YES;
				IPHONEOS_DEPLOYMENT_TARGET = 13.2;
				MTL_ENABLE_DEBUG_INFO = INCLUDE_SOURCE;
				MTL_FAST_MATH = YES;
				ONLY_ACTIVE_ARCH = YES;
				SDKROOT = iphoneos;
			};
			name = Debug;
		};
		DCA0738A270810C6004AD391 /* Release */ = {
			isa = XCBuildConfiguration;
			buildSettings = {
				ALWAYS_SEARCH_USER_PATHS = NO;
				CLANG_ANALYZER_NONNULL = YES;
				CLANG_ANALYZER_NUMBER_OBJECT_CONVERSION = YES_AGGRESSIVE;
				CLANG_CXX_LANGUAGE_STANDARD = "gnu++14";
				CLANG_CXX_LIBRARY = "libc++";
				CLANG_ENABLE_MODULES = YES;
				CLANG_ENABLE_OBJC_ARC = YES;
				CLANG_ENABLE_OBJC_WEAK = YES;
				CLANG_WARN_BLOCK_CAPTURE_AUTORELEASING = YES;
				CLANG_WARN_BOOL_CONVERSION = YES;
				CLANG_WARN_COMMA = YES;
				CLANG_WARN_CONSTANT_CONVERSION = YES;
				CLANG_WARN_DEPRECATED_OBJC_IMPLEMENTATIONS = YES;
				CLANG_WARN_DIRECT_OBJC_ISA_USAGE = YES_ERROR;
				CLANG_WARN_DOCUMENTATION_COMMENTS = YES;
				CLANG_WARN_EMPTY_BODY = YES;
				CLANG_WARN_ENUM_CONVERSION = YES;
				CLANG_WARN_INFINITE_RECURSION = YES;
				CLANG_WARN_INT_CONVERSION = YES;
				CLANG_WARN_NON_LITERAL_NULL_CONVERSION = YES;
				CLANG_WARN_OBJC_IMPLICIT_RETAIN_SELF = YES;
				CLANG_WARN_OBJC_LITERAL_CONVERSION = YES;
				CLANG_WARN_OBJC_ROOT_CLASS = YES_ERROR;
				CLANG_WARN_RANGE_LOOP_ANALYSIS = YES;
				CLANG_WARN_STRICT_PROTOTYPES = YES;
				CLANG_WARN_SUSPICIOUS_MOVE = YES;
				CLANG_WARN_UNGUARDED_AVAILABILITY = YES_AGGRESSIVE;
				CLANG_WARN_UNREACHABLE_CODE = YES;
				CLANG_WARN__DUPLICATE_METHOD_MATCH = YES;
				COPY_PHASE_STRIP = NO;
				DEBUG_INFORMATION_FORMAT = "dwarf-with-dsym";
				ENABLE_NS_ASSERTIONS = NO;
				ENABLE_STRICT_OBJC_MSGSEND = YES;
				GCC_C_LANGUAGE_STANDARD = gnu11;
				GCC_NO_COMMON_BLOCKS = YES;
				GCC_WARN_64_TO_32_BIT_CONVERSION = YES;
				GCC_WARN_ABOUT_RETURN_TYPE = YES_ERROR;
				GCC_WARN_UNDECLARED_SELECTOR = YES;
				GCC_WARN_UNINITIALIZED_AUTOS = YES_AGGRESSIVE;
				GCC_WARN_UNUSED_FUNCTION = YES;
				GCC_WARN_UNUSED_VARIABLE = YES;
				IPHONEOS_DEPLOYMENT_TARGET = 13.2;
				MTL_ENABLE_DEBUG_INFO = NO;
				MTL_FAST_MATH = YES;
				SDKROOT = iphoneos;
				VALIDATE_PRODUCT = YES;
			};
			name = Release;
		};
		DCA0738C270810C6004AD391 /* Debug */ = {
			isa = XCBuildConfiguration;
			buildSettings = {
				ASSETCATALOG_COMPILER_APPICON_NAME = AppIcon;
				CODE_SIGN_STYLE = Automatic;
				INFOPLIST_FILE = "04-偏好设置/Info.plist";
				LD_RUNPATH_SEARCH_PATHS = (
					"$(inherited)",
					"@executable_path/Frameworks",
				);
				PRODUCT_BUNDLE_IDENTIFIER = "org.peyet.iOS.-4-----";
				PRODUCT_NAME = "$(TARGET_NAME)";
				TARGETED_DEVICE_FAMILY = "1,2";
			};
			name = Debug;
		};
		DCA0738D270810C6004AD391 /* Release */ = {
			isa = XCBuildConfiguration;
			buildSettings = {
				ASSETCATALOG_COMPILER_APPICON_NAME = AppIcon;
				CODE_SIGN_STYLE = Automatic;
				INFOPLIST_FILE = "04-偏好设置/Info.plist";
				LD_RUNPATH_SEARCH_PATHS = (
					"$(inherited)",
					"@executable_path/Frameworks",
				);
				PRODUCT_BUNDLE_IDENTIFIER = "org.peyet.iOS.-4-----";
				PRODUCT_NAME = "$(TARGET_NAME)";
				TARGETED_DEVICE_FAMILY = "1,2";
			};
			name = Release;
		};
/* End XCBuildConfiguration section */

/* Begin XCConfigurationList section */
		DCA0736D270810C4004AD391 /* Build configuration list for PBXProject "04-偏好设置" */ = {
			isa = XCConfigurationList;
			buildConfigurations = (
				DCA07389270810C6004AD391 /* Debug */,
				DCA0738A270810C6004AD391 /* Release */,
			);
			defaultConfigurationIsVisible = 0;
			defaultConfigurationName = Release;
		};
		DCA0738B270810C6004AD391 /* Build configuration list for PBXNativeTarget "04-偏好设置" */ = {
			isa = XCConfigurationList;
			buildConfigurations = (
				DCA0738C270810C6004AD391 /* Debug */,
				DCA0738D270810C6004AD391 /* Release */,
			);
			defaultConfigurationIsVisible = 0;
			defaultConfigurationName = Release;
		};
/* End XCConfigurationList section */
	};
	rootObject = DCA0736A270810C4004AD391 /* Project object */;
}
