// !$*UTF8*$!
{
	archiveVersion = 1;
	classes = {
	};
	objectVersion = 50;
	objects = {

/* Begin PBXBuildFile section */
		DC67372326FECB3900F749C1 /* AppDelegate.m in Sources */ = {isa = PBXBuildFile; fileRef = DC67372226FECB3900F749C1 /* AppDelegate.m */; };
		DC67372626FECB3900F749C1 /* SceneDelegate.m in Sources */ = {isa = PBXBuildFile; fileRef = DC67372526FECB3900F749C1 /* SceneDelegate.m */; };
		DC67372926FECB3900F749C1 /* ViewController.m in Sources */ = {isa = PBXBuildFile; fileRef = DC67372826FECB3900F749C1 /* ViewController.m */; };
		DC67372C26FECB3900F749C1 /* Main.storyboard in Resources */ = {isa = PBXBuildFile; fileRef = DC67372A26FECB3900F749C1 /* Main.storyboard */; };
		DC67372E26FECB3B00F749C1 /* Assets.xcassets in Resources */ = {isa = PBXBuildFile; fileRef = DC67372D26FECB3B00F749C1 /* Assets.xcassets */; };
		DC67373126FECB3B00F749C1 /* LaunchScreen.storyboard in Resources */ = {isa = PBXBuildFile; fileRef = DC67372F26FECB3B00F749C1 /* LaunchScreen.storyboard */; };
		DC67373426FECB3B00F749C1 /* main.m in Sources */ = {isa = PBXBuildFile; fileRef = DC67373326FECB3B00F749C1 /* main.m */; };
/* End PBXBuildFile section */

/* Begin PBXFileReference section */
		DC67371E26FECB3900F749C1 /* 07-代码实现并添加动画效果.app */ = {isa = PBXFileReference; explicitFileType = wrapper.application; includeInIndex = 0; path = "07-代码实现并添加动画效果.app"; sourceTree = BUILT_PRODUCTS_DIR; };
		DC67372126FECB3900F749C1 /* AppDelegate.h */ = {isa = PBXFileReference; lastKnownFileType = sourcecode.c.h; path = AppDelegate.h; sourceTree = "<group>"; };
		DC67372226FECB3900F749C1 /* AppDelegate.m */ = {isa = PBXFileReference; lastKnownFileType = sourcecode.c.objc; path = AppDelegate.m; sourceTree = "<group>"; };
		DC67372426FECB3900F749C1 /* SceneDelegate.h */ = {isa = PBXFileReference; lastKnownFileType = sourcecode.c.h; path = SceneDelegate.h; sourceTree = "<group>"; };
		DC67372526FECB3900F749C1 /* SceneDelegate.m */ = {isa = PBXFileReference; lastKnownFileType = sourcecode.c.objc; path = SceneDelegate.m; sourceTree = "<group>"; };
		DC67372726FECB3900F749C1 /* ViewController.h */ = {isa = PBXFileReference; lastKnownFileType = sourcecode.c.h; path = ViewController.h; sourceTree = "<group>"; };
		DC67372826FECB3900F749C1 /* ViewController.m */ = {isa = PBXFileReference; lastKnownFileType = sourcecode.c.objc; path = ViewController.m; sourceTree = "<group>"; };
		DC67372B26FECB3900F749C1 /* Base */ = {isa = PBXFileReference; lastKnownFileType = file.storyboard; name = Base; path = Base.lproj/Main.storyboard; sourceTree = "<group>"; };
		DC67372D26FECB3B00F749C1 /* Assets.xcassets */ = {isa = PBXFileReference; lastKnownFileType = folder.assetcatalog; path = Assets.xcassets; sourceTree = "<group>"; };
		DC67373026FECB3B00F749C1 /* Base */ = {isa = PBXFileReference; lastKnownFileType = file.storyboard; name = Base; path = Base.lproj/LaunchScreen.storyboard; sourceTree = "<group>"; };
		DC67373226FECB3B00F749C1 /* Info.plist */ = {isa = PBXFileReference; lastKnownFileType = text.plist.xml; path = Info.plist; sourceTree = "<group>"; };
		DC67373326FECB3B00F749C1 /* main.m */ = {isa = PBXFileReference; lastKnownFileType = sourcecode.c.objc; path = main.m; sourceTree = "<group>"; };
/* End PBXFileReference section */

/* Begin PBXFrameworksBuildPhase section */
		DC67371B26FECB3900F749C1 /* Frameworks */ = {
			isa = PBXFrameworksBuildPhase;
			buildActionMask = 2147483647;
			files = (
			);
			runOnlyForDeploymentPostprocessing = 0;
		};
/* End PBXFrameworksBuildPhase section */

/* Begin PBXGroup section */
		DC67371526FECB3900F749C1 = {
			isa = PBXGroup;
			children = (
				DC67372026FECB3900F749C1 /* 07-代码实现并添加动画效果 */,
				DC67371F26FECB3900F749C1 /* Products */,
			);
			sourceTree = "<group>";
		};
		DC67371F26FECB3900F749C1 /* Products */ = {
			isa = PBXGroup;
			children = (
				DC67371E26FECB3900F749C1 /* 07-代码实现并添加动画效果.app */,
			);
			name = Products;
			sourceTree = "<group>";
		};
		DC67372026FECB3900F749C1 /* 07-代码实现并添加动画效果 */ = {
			isa = PBXGroup;
			children = (
				DC67373A26FECB9A00F749C1 /* working */,
				DC67372126FECB3900F749C1 /* AppDelegate.h */,
				DC67372226FECB3900F749C1 /* AppDelegate.m */,
				DC67372426FECB3900F749C1 /* SceneDelegate.h */,
				DC67372526FECB3900F749C1 /* SceneDelegate.m */,
				DC67372D26FECB3B00F749C1 /* Assets.xcassets */,
				DC67373226FECB3B00F749C1 /* Info.plist */,
				DC67373326FECB3B00F749C1 /* main.m */,
			);
			path = "07-代码实现并添加动画效果";
			sourceTree = "<group>";
		};
		DC67373A26FECB9A00F749C1 /* working */ = {
			isa = PBXGroup;
			children = (
				DC67372A26FECB3900F749C1 /* Main.storyboard */,
				DC67372F26FECB3B00F749C1 /* LaunchScreen.storyboard */,
				DC67372726FECB3900F749C1 /* ViewController.h */,
				DC67372826FECB3900F749C1 /* ViewController.m */,
			);
			name = working;
			sourceTree = "<group>";
		};
/* End PBXGroup section */

/* Begin PBXNativeTarget section */
		DC67371D26FECB3900F749C1 /* 07-代码实现并添加动画效果 */ = {
			isa = PBXNativeTarget;
			buildConfigurationList = DC67373726FECB3B00F749C1 /* Build configuration list for PBXNativeTarget "07-代码实现并添加动画效果" */;
			buildPhases = (
				DC67371A26FECB3900F749C1 /* Sources */,
				DC67371B26FECB3900F749C1 /* Frameworks */,
				DC67371C26FECB3900F749C1 /* Resources */,
			);
			buildRules = (
			);
			dependencies = (
			);
			name = "07-代码实现并添加动画效果";
			productName = "07-代码实现并添加动画效果";
			productReference = DC67371E26FECB3900F749C1 /* 07-代码实现并添加动画效果.app */;
			productType = "com.apple.product-type.application";
		};
/* End PBXNativeTarget section */

/* Begin PBXProject section */
		DC67371626FECB3900F749C1 /* Project object */ = {
			isa = PBXProject;
			attributes = {
				LastUpgradeCheck = 1120;
				ORGANIZATIONNAME = "Peyet-Zhao";
				TargetAttributes = {
					DC67371D26FECB3900F749C1 = {
						CreatedOnToolsVersion = 11.2.1;
					};
				};
			};
			buildConfigurationList = DC67371926FECB3900F749C1 /* Build configuration list for PBXProject "07-代码实现并添加动画效果" */;
			compatibilityVersion = "Xcode 9.3";
			developmentRegion = en;
			hasScannedForEncodings = 0;
			knownRegions = (
				en,
				Base,
			);
			mainGroup = DC67371526FECB3900F749C1;
			productRefGroup = DC67371F26FECB3900F749C1 /* Products */;
			projectDirPath = "";
			projectRoot = "";
			targets = (
				DC67371D26FECB3900F749C1 /* 07-代码实现并添加动画效果 */,
			);
		};
/* End PBXProject section */

/* Begin PBXResourcesBuildPhase section */
		DC67371C26FECB3900F749C1 /* Resources */ = {
			isa = PBXResourcesBuildPhase;
			buildActionMask = 2147483647;
			files = (
				DC67373126FECB3B00F749C1 /* LaunchScreen.storyboard in Resources */,
				DC67372E26FECB3B00F749C1 /* Assets.xcassets in Resources */,
				DC67372C26FECB3900F749C1 /* Main.storyboard in Resources */,
			);
			runOnlyForDeploymentPostprocessing = 0;
		};
/* End PBXResourcesBuildPhase section */

/* Begin PBXSourcesBuildPhase section */
		DC67371A26FECB3900F749C1 /* Sources */ = {
			isa = PBXSourcesBuildPhase;
			buildActionMask = 2147483647;
			files = (
				DC67372926FECB3900F749C1 /* ViewController.m in Sources */,
				DC67372326FECB3900F749C1 /* AppDelegate.m in Sources */,
				DC67373426FECB3B00F749C1 /* main.m in Sources */,
				DC67372626FECB3900F749C1 /* SceneDelegate.m in Sources */,
			);
			runOnlyForDeploymentPostprocessing = 0;
		};
/* End PBXSourcesBuildPhase section */

/* Begin PBXVariantGroup section */
		DC67372A26FECB3900F749C1 /* Main.storyboard */ = {
			isa = PBXVariantGroup;
			children = (
				DC67372B26FECB3900F749C1 /* Base */,
			);
			name = Main.storyboard;
			sourceTree = "<group>";
		};
		DC67372F26FECB3B00F749C1 /* LaunchScreen.storyboard */ = {
			isa = PBXVariantGroup;
			children = (
				DC67373026FECB3B00F749C1 /* Base */,
			);
			name = LaunchScreen.storyboard;
			sourceTree = "<group>";
		};
/* End PBXVariantGroup section */

/* Begin XCBuildConfiguration section */
		DC67373526FECB3B00F749C1 /* Debug */ = {
			isa = XCBuildConfiguration;
			buildSettings = {
				ALWAYS_SEARCH_USER_PATHS = NO;
				CLANG_ANALYZER_NONNULL = YES;
				CLANG_ANALYZER_NUMBER_OBJECT_CONVERSION = YES_AGGRESSIVE;
				CLANG_CXX_LANGUAGE_STANDARD = "gnu++14";
				CLANG_CXX_LIBRARY = "libc++";
				CLANG_ENABLE_MODULES = YES;
				CLANG_ENABLE_OBJC_ARC = YES;
				CLANG_ENABLE_OBJC_WEAK = YES;
				CLANG_WARN_BLOCK_CAPTURE_AUTORELEASING = YES;
				CLANG_WARN_BOOL_CONVERSION = YES;
				CLANG_WARN_COMMA = YES;
				CLANG_WARN_CONSTANT_CONVERSION = YES;
				CLANG_WARN_DEPRECATED_OBJC_IMPLEMENTATIONS = YES;
				CLANG_WARN_DIRECT_OBJC_ISA_USAGE = YES_ERROR;
				CLANG_WARN_DOCUMENTATION_COMMENTS = YES;
				CLANG_WARN_EMPTY_BODY = YES;
				CLANG_WARN_ENUM_CONVERSION = YES;
				CLANG_WARN_INFINITE_RECURSION = YES;
				CLANG_WARN_INT_CONVERSION = YES;
				CLANG_WARN_NON_LITERAL_NULL_CONVERSION = YES;
				CLANG_WARN_OBJC_IMPLICIT_RETAIN_SELF = YES;
				CLANG_WARN_OBJC_LITERAL_CONVERSION = YES;
				CLANG_WARN_OBJC_ROOT_CLASS = YES_ERROR;
				CLANG_WARN_RANGE_LOOP_ANALYSIS = YES;
				CLANG_WARN_STRICT_PROTOTYPES = YES;
				CLANG_WARN_SUSPICIOUS_MOVE = YES;
				CLANG_WARN_UNGUARDED_AVAILABILITY = YES_AGGRESSIVE;
				CLANG_WARN_UNREACHABLE_CODE = YES;
				CLANG_WARN__DUPLICATE_METHOD_MATCH = YES;
				COPY_PHASE_STRIP = NO;
				DEBUG_INFORMATION_FORMAT = dwarf;
				ENABLE_STRICT_OBJC_MSGSEND = YES;
				ENABLE_TESTABILITY = YES;
				GCC_C_LANGUAGE_STANDARD = gnu11;
				GCC_DYNAMIC_NO_PIC = NO;
				GCC_NO_COMMON_BLOCKS = YES;
				GCC_OPTIMIZATION_LEVEL = 0;
				GCC_PREPROCESSOR_DEFINITIONS = (
					"DEBUG=1",
					"$(inherited)",
				);
				GCC_WARN_64_TO_32_BIT_CONVERSION = YES;
				GCC_WARN_ABOUT_RETURN_TYPE = YES_ERROR;
				GCC_WARN_UNDECLARED_SELECTOR = YES;
				GCC_WARN_UNINITIALIZED_AUTOS = YES_AGGRESSIVE;
				GCC_WARN_UNUSED_FUNCTION = YES;
				GCC_WARN_UNUSED_VARIABLE = YES;
				IPHONEOS_DEPLOYMENT_TARGET = 13.2;
				MTL_ENABLE_DEBUG_INFO = INCLUDE_SOURCE;
				MTL_FAST_MATH = YES;
				ONLY_ACTIVE_ARCH = YES;
				SDKROOT = iphoneos;
			};
			name = Debug;
		};
		DC67373626FECB3B00F749C1 /* Release */ = {
			isa = XCBuildConfiguration;
			buildSettings = {
				ALWAYS_SEARCH_USER_PATHS = NO;
				CLANG_ANALYZER_NONNULL = YES;
				CLANG_ANALYZER_NUMBER_OBJECT_CONVERSION = YES_AGGRESSIVE;
				CLANG_CXX_LANGUAGE_STANDARD = "gnu++14";
				CLANG_CXX_LIBRARY = "libc++";
				CLANG_ENABLE_MODULES = YES;
				CLANG_ENABLE_OBJC_ARC = YES;
				CLANG_ENABLE_OBJC_WEAK = YES;
				CLANG_WARN_BLOCK_CAPTURE_AUTORELEASING = YES;
				CLANG_WARN_BOOL_CONVERSION = YES;
				CLANG_WARN_COMMA = YES;
				CLANG_WARN_CONSTANT_CONVERSION = YES;
				CLANG_WARN_DEPRECATED_OBJC_IMPLEMENTATIONS = YES;
				CLANG_WARN_DIRECT_OBJC_ISA_USAGE = YES_ERROR;
				CLANG_WARN_DOCUMENTATION_COMMENTS = YES;
				CLANG_WARN_EMPTY_BODY = YES;
				CLANG_WARN_ENUM_CONVERSION = YES;
				CLANG_WARN_INFINITE_RECURSION = YES;
				CLANG_WARN_INT_CONVERSION = YES;
				CLANG_WARN_NON_LITERAL_NULL_CONVERSION = YES;
				CLANG_WARN_OBJC_IMPLICIT_RETAIN_SELF = YES;
				CLANG_WARN_OBJC_LITERAL_CONVERSION = YES;
				CLANG_WARN_OBJC_ROOT_CLASS = YES_ERROR;
				CLANG_WARN_RANGE_LOOP_ANALYSIS = YES;
				CLANG_WARN_STRICT_PROTOTYPES = YES;
				CLANG_WARN_SUSPICIOUS_MOVE = YES;
				CLANG_WARN_UNGUARDED_AVAILABILITY = YES_AGGRESSIVE;
				CLANG_WARN_UNREACHABLE_CODE = YES;
				CLANG_WARN__DUPLICATE_METHOD_MATCH = YES;
				COPY_PHASE_STRIP = NO;
				DEBUG_INFORMATION_FORMAT = "dwarf-with-dsym";
				ENABLE_NS_ASSERTIONS = NO;
				ENABLE_STRICT_OBJC_MSGSEND = YES;
				GCC_C_LANGUAGE_STANDARD = gnu11;
				GCC_NO_COMMON_BLOCKS = YES;
				GCC_WARN_64_TO_32_BIT_CONVERSION = YES;
				GCC_WARN_ABOUT_RETURN_TYPE = YES_ERROR;
				GCC_WARN_UNDECLARED_SELECTOR = YES;
				GCC_WARN_UNINITIALIZED_AUTOS = YES_AGGRESSIVE;
				GCC_WARN_UNUSED_FUNCTION = YES;
				GCC_WARN_UNUSED_VARIABLE = YES;
				IPHONEOS_DEPLOYMENT_TARGET = 13.2;
				MTL_ENABLE_DEBUG_INFO = NO;
				MTL_FAST_MATH = YES;
				SDKROOT = iphoneos;
				VALIDATE_PRODUCT = YES;
			};
			name = Release;
		};
		DC67373826FECB3B00F749C1 /* Debug */ = {
			isa = XCBuildConfiguration;
			buildSettings = {
				ASSETCATALOG_COMPILER_APPICON_NAME = AppIcon;
				CODE_SIGN_STYLE = Automatic;
				INFOPLIST_FILE = "07-代码实现并添加动画效果/Info.plist";
				LD_RUNPATH_SEARCH_PATHS = (
					"$(inherited)",
					"@executable_path/Frameworks",
				);
				PRODUCT_BUNDLE_IDENTIFIER = "org.peyet.iOS.-7------------";
				PRODUCT_NAME = "$(TARGET_NAME)";
				TARGETED_DEVICE_FAMILY = "1,2";
			};
			name = Debug;
		};
		DC67373926FECB3B00F749C1 /* Release */ = {
			isa = XCBuildConfiguration;
			buildSettings = {
				ASSETCATALOG_COMPILER_APPICON_NAME = AppIcon;
				CODE_SIGN_STYLE = Automatic;
				INFOPLIST_FILE = "07-代码实现并添加动画效果/Info.plist";
				LD_RUNPATH_SEARCH_PATHS = (
					"$(inherited)",
					"@executable_path/Frameworks",
				);
				PRODUCT_BUNDLE_IDENTIFIER = "org.peyet.iOS.-7------------";
				PRODUCT_NAME = "$(TARGET_NAME)";
				TARGETED_DEVICE_FAMILY = "1,2";
			};
			name = Release;
		};
/* End XCBuildConfiguration section */

/* Begin XCConfigurationList section */
		DC67371926FECB3900F749C1 /* Build configuration list for PBXProject "07-代码实现并添加动画效果" */ = {
			isa = XCConfigurationList;
			buildConfigurations = (
				DC67373526FECB3B00F749C1 /* Debug */,
				DC67373626FECB3B00F749C1 /* Release */,
			);
			defaultConfigurationIsVisible = 0;
			defaultConfigurationName = Release;
		};
		DC67373726FECB3B00F749C1 /* Build configuration list for PBXNativeTarget "07-代码实现并添加动画效果" */ = {
			isa = XCConfigurationList;
			buildConfigurations = (
				DC67373826FECB3B00F749C1 /* Debug */,
				DC67373926FECB3B00F749C1 /* Release */,
			);
			defaultConfigurationIsVisible = 0;
			defaultConfigurationName = Release;
		};
/* End XCConfigurationList section */
	};
	rootObject = DC67371626FECB3900F749C1 /* Project object */;
}
