// !$*UTF8*$!
{
	archiveVersion = 1;
	classes = {
	};
	objectVersion = 50;
	objects = {

/* Begin PBXBuildFile section */
		DCB51C7F26FC133300F9F1FF /* AppDelegate.m in Sources */ = {isa = PBXBuildFile; fileRef = DCB51C7E26FC133300F9F1FF /* AppDelegate.m */; };
		DCB51C8226FC133300F9F1FF /* SceneDelegate.m in Sources */ = {isa = PBXBuildFile; fileRef = DCB51C8126FC133300F9F1FF /* SceneDelegate.m */; };
		DCB51C8826FC133300F9F1FF /* Main.storyboard in Resources */ = {isa = PBXBuildFile; fileRef = DCB51C8626FC133300F9F1FF /* Main.storyboard */; };
		DCB51C8A26FC133500F9F1FF /* Assets.xcassets in Resources */ = {isa = PBXBuildFile; fileRef = DCB51C8926FC133500F9F1FF /* Assets.xcassets */; };
		DCB51C8D26FC133500F9F1FF /* LaunchScreen.storyboard in Resources */ = {isa = PBXBuildFile; fileRef = DCB51C8B26FC133500F9F1FF /* LaunchScreen.storyboard */; };
		DCB51C9026FC133500F9F1FF /* main.m in Sources */ = {isa = PBXBuildFile; fileRef = DCB51C8F26FC133500F9F1FF /* main.m */; };
		DCB51C9C26FC155D00F9F1FF /* AppCell.m in Sources */ = {isa = PBXBuildFile; fileRef = DCB51C9B26FC155D00F9F1FF /* AppCell.m */; };
		DCB51C9E26FC15CA00F9F1FF /* apps_full.plist in Resources */ = {isa = PBXBuildFile; fileRef = DCB51C9D26FC15CA00F9F1FF /* apps_full.plist */; };
		DCB51CA126FC160A00F9F1FF /* App.m in Sources */ = {isa = PBXBuildFile; fileRef = DCB51CA026FC160A00F9F1FF /* App.m */; };
		DCB51CA426FC1D1700F9F1FF /* TableViewController.m in Sources */ = {isa = PBXBuildFile; fileRef = DCB51CA326FC1D1700F9F1FF /* TableViewController.m */; };
/* End PBXBuildFile section */

/* Begin PBXFileReference section */
		DCB51C7A26FC133300F9F1FF /* 04应用下载.app */ = {isa = PBXFileReference; explicitFileType = wrapper.application; includeInIndex = 0; path = "04应用下载.app"; sourceTree = BUILT_PRODUCTS_DIR; };
		DCB51C7D26FC133300F9F1FF /* AppDelegate.h */ = {isa = PBXFileReference; lastKnownFileType = sourcecode.c.h; path = AppDelegate.h; sourceTree = "<group>"; };
		DCB51C7E26FC133300F9F1FF /* AppDelegate.m */ = {isa = PBXFileReference; lastKnownFileType = sourcecode.c.objc; path = AppDelegate.m; sourceTree = "<group>"; };
		DCB51C8026FC133300F9F1FF /* SceneDelegate.h */ = {isa = PBXFileReference; lastKnownFileType = sourcecode.c.h; path = SceneDelegate.h; sourceTree = "<group>"; };
		DCB51C8126FC133300F9F1FF /* SceneDelegate.m */ = {isa = PBXFileReference; lastKnownFileType = sourcecode.c.objc; path = SceneDelegate.m; sourceTree = "<group>"; };
		DCB51C8726FC133300F9F1FF /* Base */ = {isa = PBXFileReference; lastKnownFileType = file.storyboard; name = Base; path = Base.lproj/Main.storyboard; sourceTree = "<group>"; };
		DCB51C8926FC133500F9F1FF /* Assets.xcassets */ = {isa = PBXFileReference; lastKnownFileType = folder.assetcatalog; path = Assets.xcassets; sourceTree = "<group>"; };
		DCB51C8C26FC133500F9F1FF /* Base */ = {isa = PBXFileReference; lastKnownFileType = file.storyboard; name = Base; path = Base.lproj/LaunchScreen.storyboard; sourceTree = "<group>"; };
		DCB51C8E26FC133500F9F1FF /* Info.plist */ = {isa = PBXFileReference; lastKnownFileType = text.plist.xml; path = Info.plist; sourceTree = "<group>"; };
		DCB51C8F26FC133500F9F1FF /* main.m */ = {isa = PBXFileReference; lastKnownFileType = sourcecode.c.objc; path = main.m; sourceTree = "<group>"; };
		DCB51C9A26FC155D00F9F1FF /* AppCell.h */ = {isa = PBXFileReference; lastKnownFileType = sourcecode.c.h; path = AppCell.h; sourceTree = "<group>"; };
		DCB51C9B26FC155D00F9F1FF /* AppCell.m */ = {isa = PBXFileReference; lastKnownFileType = sourcecode.c.objc; path = AppCell.m; sourceTree = "<group>"; };
		DCB51C9D26FC15CA00F9F1FF /* apps_full.plist */ = {isa = PBXFileReference; fileEncoding = 4; lastKnownFileType = text.plist.xml; path = apps_full.plist; sourceTree = "<group>"; };
		DCB51C9F26FC160A00F9F1FF /* App.h */ = {isa = PBXFileReference; lastKnownFileType = sourcecode.c.h; path = App.h; sourceTree = "<group>"; };
		DCB51CA026FC160A00F9F1FF /* App.m */ = {isa = PBXFileReference; lastKnownFileType = sourcecode.c.objc; path = App.m; sourceTree = "<group>"; };
		DCB51CA226FC1D1700F9F1FF /* TableViewController.h */ = {isa = PBXFileReference; lastKnownFileType = sourcecode.c.h; path = TableViewController.h; sourceTree = "<group>"; };
		DCB51CA326FC1D1700F9F1FF /* TableViewController.m */ = {isa = PBXFileReference; lastKnownFileType = sourcecode.c.objc; path = TableViewController.m; sourceTree = "<group>"; };
/* End PBXFileReference section */

/* Begin PBXFrameworksBuildPhase section */
		DCB51C7726FC133300F9F1FF /* Frameworks */ = {
			isa = PBXFrameworksBuildPhase;
			buildActionMask = 2147483647;
			files = (
			);
			runOnlyForDeploymentPostprocessing = 0;
		};
/* End PBXFrameworksBuildPhase section */

/* Begin PBXGroup section */
		DCB51C7126FC133300F9F1FF = {
			isa = PBXGroup;
			children = (
				DCB51C7C26FC133300F9F1FF /* 04应用下载 */,
				DCB51C7B26FC133300F9F1FF /* Products */,
			);
			sourceTree = "<group>";
		};
		DCB51C7B26FC133300F9F1FF /* Products */ = {
			isa = PBXGroup;
			children = (
				DCB51C7A26FC133300F9F1FF /* 04应用下载.app */,
			);
			name = Products;
			sourceTree = "<group>";
		};
		DCB51C7C26FC133300F9F1FF /* 04应用下载 */ = {
			isa = PBXGroup;
			children = (
				DCB51C9926FC136100F9F1FF /* Others */,
				DCB51C9826FC135800F9F1FF /* Controllers */,
				DCB51C9726FC135400F9F1FF /* Views */,
				DCB51C9626FC134900F9F1FF /* Models */,
				DCB51C8926FC133500F9F1FF /* Assets.xcassets */,
				DCB51C8E26FC133500F9F1FF /* Info.plist */,
				DCB51C9D26FC15CA00F9F1FF /* apps_full.plist */,
				DCB51C8F26FC133500F9F1FF /* main.m */,
			);
			path = "04应用下载";
			sourceTree = "<group>";
		};
		DCB51C9626FC134900F9F1FF /* Models */ = {
			isa = PBXGroup;
			children = (
				DCB51C9F26FC160A00F9F1FF /* App.h */,
				DCB51CA026FC160A00F9F1FF /* App.m */,
			);
			name = Models;
			sourceTree = "<group>";
		};
		DCB51C9726FC135400F9F1FF /* Views */ = {
			isa = PBXGroup;
			children = (
				DCB51C8626FC133300F9F1FF /* Main.storyboard */,
				DCB51C8B26FC133500F9F1FF /* LaunchScreen.storyboard */,
				DCB51C9A26FC155D00F9F1FF /* AppCell.h */,
				DCB51C9B26FC155D00F9F1FF /* AppCell.m */,
			);
			path = Views;
			sourceTree = "<group>";
		};
		DCB51C9826FC135800F9F1FF /* Controllers */ = {
			isa = PBXGroup;
			children = (
				DCB51CA226FC1D1700F9F1FF /* TableViewController.h */,
				DCB51CA326FC1D1700F9F1FF /* TableViewController.m */,
			);
			name = Controllers;
			sourceTree = "<group>";
		};
		DCB51C9926FC136100F9F1FF /* Others */ = {
			isa = PBXGroup;
			children = (
				DCB51C7D26FC133300F9F1FF /* AppDelegate.h */,
				DCB51C7E26FC133300F9F1FF /* AppDelegate.m */,
				DCB51C8026FC133300F9F1FF /* SceneDelegate.h */,
				DCB51C8126FC133300F9F1FF /* SceneDelegate.m */,
			);
			path = Others;
			sourceTree = "<group>";
		};
/* End PBXGroup section */

/* Begin PBXNativeTarget section */
		DCB51C7926FC133300F9F1FF /* 04应用下载 */ = {
			isa = PBXNativeTarget;
			buildConfigurationList = DCB51C9326FC133500F9F1FF /* Build configuration list for PBXNativeTarget "04应用下载" */;
			buildPhases = (
				DCB51C7626FC133300F9F1FF /* Sources */,
				DCB51C7726FC133300F9F1FF /* Frameworks */,
				DCB51C7826FC133300F9F1FF /* Resources */,
			);
			buildRules = (
			);
			dependencies = (
			);
			name = "04应用下载";
			productName = "04应用下载";
			productReference = DCB51C7A26FC133300F9F1FF /* 04应用下载.app */;
			productType = "com.apple.product-type.application";
		};
/* End PBXNativeTarget section */

/* Begin PBXProject section */
		DCB51C7226FC133300F9F1FF /* Project object */ = {
			isa = PBXProject;
			attributes = {
				LastUpgradeCheck = 1120;
				ORGANIZATIONNAME = "Peyet-Zhao";
				TargetAttributes = {
					DCB51C7926FC133300F9F1FF = {
						CreatedOnToolsVersion = 11.2.1;
					};
				};
			};
			buildConfigurationList = DCB51C7526FC133300F9F1FF /* Build configuration list for PBXProject "04应用下载" */;
			compatibilityVersion = "Xcode 9.3";
			developmentRegion = en;
			hasScannedForEncodings = 0;
			knownRegions = (
				en,
				Base,
			);
			mainGroup = DCB51C7126FC133300F9F1FF;
			productRefGroup = DCB51C7B26FC133300F9F1FF /* Products */;
			projectDirPath = "";
			projectRoot = "";
			targets = (
				DCB51C7926FC133300F9F1FF /* 04应用下载 */,
			);
		};
/* End PBXProject section */

/* Begin PBXResourcesBuildPhase section */
		DCB51C7826FC133300F9F1FF /* Resources */ = {
			isa = PBXResourcesBuildPhase;
			buildActionMask = 2147483647;
			files = (
				DCB51C8D26FC133500F9F1FF /* LaunchScreen.storyboard in Resources */,
				DCB51C8A26FC133500F9F1FF /* Assets.xcassets in Resources */,
				DCB51C8826FC133300F9F1FF /* Main.storyboard in Resources */,
				DCB51C9E26FC15CA00F9F1FF /* apps_full.plist in Resources */,
			);
			runOnlyForDeploymentPostprocessing = 0;
		};
/* End PBXResourcesBuildPhase section */

/* Begin PBXSourcesBuildPhase section */
		DCB51C7626FC133300F9F1FF /* Sources */ = {
			isa = PBXSourcesBuildPhase;
			buildActionMask = 2147483647;
			files = (
				DCB51C9C26FC155D00F9F1FF /* AppCell.m in Sources */,
				DCB51C7F26FC133300F9F1FF /* AppDelegate.m in Sources */,
				DCB51CA126FC160A00F9F1FF /* App.m in Sources */,
				DCB51C9026FC133500F9F1FF /* main.m in Sources */,
				DCB51CA426FC1D1700F9F1FF /* TableViewController.m in Sources */,
				DCB51C8226FC133300F9F1FF /* SceneDelegate.m in Sources */,
			);
			runOnlyForDeploymentPostprocessing = 0;
		};
/* End PBXSourcesBuildPhase section */

/* Begin PBXVariantGroup section */
		DCB51C8626FC133300F9F1FF /* Main.storyboard */ = {
			isa = PBXVariantGroup;
			children = (
				DCB51C8726FC133300F9F1FF /* Base */,
			);
			name = Main.storyboard;
			sourceTree = "<group>";
		};
		DCB51C8B26FC133500F9F1FF /* LaunchScreen.storyboard */ = {
			isa = PBXVariantGroup;
			children = (
				DCB51C8C26FC133500F9F1FF /* Base */,
			);
			name = LaunchScreen.storyboard;
			sourceTree = "<group>";
		};
/* End PBXVariantGroup section */

/* Begin XCBuildConfiguration section */
		DCB51C9126FC133500F9F1FF /* Debug */ = {
			isa = XCBuildConfiguration;
			buildSettings = {
				ALWAYS_SEARCH_USER_PATHS = NO;
				CLANG_ANALYZER_NONNULL = YES;
				CLANG_ANALYZER_NUMBER_OBJECT_CONVERSION = YES_AGGRESSIVE;
				CLANG_CXX_LANGUAGE_STANDARD = "gnu++14";
				CLANG_CXX_LIBRARY = "libc++";
				CLANG_ENABLE_MODULES = YES;
				CLANG_ENABLE_OBJC_ARC = YES;
				CLANG_ENABLE_OBJC_WEAK = YES;
				CLANG_WARN_BLOCK_CAPTURE_AUTORELEASING = YES;
				CLANG_WARN_BOOL_CONVERSION = YES;
				CLANG_WARN_COMMA = YES;
				CLANG_WARN_CONSTANT_CONVERSION = YES;
				CLANG_WARN_DEPRECATED_OBJC_IMPLEMENTATIONS = YES;
				CLANG_WARN_DIRECT_OBJC_ISA_USAGE = YES_ERROR;
				CLANG_WARN_DOCUMENTATION_COMMENTS = YES;
				CLANG_WARN_EMPTY_BODY = YES;
				CLANG_WARN_ENUM_CONVERSION = YES;
				CLANG_WARN_INFINITE_RECURSION = YES;
				CLANG_WARN_INT_CONVERSION = YES;
				CLANG_WARN_NON_LITERAL_NULL_CONVERSION = YES;
				CLANG_WARN_OBJC_IMPLICIT_RETAIN_SELF = YES;
				CLANG_WARN_OBJC_LITERAL_CONVERSION = YES;
				CLANG_WARN_OBJC_ROOT_CLASS = YES_ERROR;
				CLANG_WARN_RANGE_LOOP_ANALYSIS = YES;
				CLANG_WARN_STRICT_PROTOTYPES = YES;
				CLANG_WARN_SUSPICIOUS_MOVE = YES;
				CLANG_WARN_UNGUARDED_AVAILABILITY = YES_AGGRESSIVE;
				CLANG_WARN_UNREACHABLE_CODE = YES;
				CLANG_WARN__DUPLICATE_METHOD_MATCH = YES;
				COPY_PHASE_STRIP = NO;
				DEBUG_INFORMATION_FORMAT = dwarf;
				ENABLE_STRICT_OBJC_MSGSEND = YES;
				ENABLE_TESTABILITY = YES;
				GCC_C_LANGUAGE_STANDARD = gnu11;
				GCC_DYNAMIC_NO_PIC = NO;
				GCC_NO_COMMON_BLOCKS = YES;
				GCC_OPTIMIZATION_LEVEL = 0;
				GCC_PREPROCESSOR_DEFINITIONS = (
					"DEBUG=1",
					"$(inherited)",
				);
				GCC_WARN_64_TO_32_BIT_CONVERSION = YES;
				GCC_WARN_ABOUT_RETURN_TYPE = YES_ERROR;
				GCC_WARN_UNDECLARED_SELECTOR = YES;
				GCC_WARN_UNINITIALIZED_AUTOS = YES_AGGRESSIVE;
				GCC_WARN_UNUSED_FUNCTION = YES;
				GCC_WARN_UNUSED_VARIABLE = YES;
				IPHONEOS_DEPLOYMENT_TARGET = 13.2;
				MTL_ENABLE_DEBUG_INFO = INCLUDE_SOURCE;
				MTL_FAST_MATH = YES;
				ONLY_ACTIVE_ARCH = YES;
				SDKROOT = iphoneos;
			};
			name = Debug;
		};
		DCB51C9226FC133500F9F1FF /* Release */ = {
			isa = XCBuildConfiguration;
			buildSettings = {
				ALWAYS_SEARCH_USER_PATHS = NO;
				CLANG_ANALYZER_NONNULL = YES;
				CLANG_ANALYZER_NUMBER_OBJECT_CONVERSION = YES_AGGRESSIVE;
				CLANG_CXX_LANGUAGE_STANDARD = "gnu++14";
				CLANG_CXX_LIBRARY = "libc++";
				CLANG_ENABLE_MODULES = YES;
				CLANG_ENABLE_OBJC_ARC = YES;
				CLANG_ENABLE_OBJC_WEAK = YES;
				CLANG_WARN_BLOCK_CAPTURE_AUTORELEASING = YES;
				CLANG_WARN_BOOL_CONVERSION = YES;
				CLANG_WARN_COMMA = YES;
				CLANG_WARN_CONSTANT_CONVERSION = YES;
				CLANG_WARN_DEPRECATED_OBJC_IMPLEMENTATIONS = YES;
				CLANG_WARN_DIRECT_OBJC_ISA_USAGE = YES_ERROR;
				CLANG_WARN_DOCUMENTATION_COMMENTS = YES;
				CLANG_WARN_EMPTY_BODY = YES;
				CLANG_WARN_ENUM_CONVERSION = YES;
				CLANG_WARN_INFINITE_RECURSION = YES;
				CLANG_WARN_INT_CONVERSION = YES;
				CLANG_WARN_NON_LITERAL_NULL_CONVERSION = YES;
				CLANG_WARN_OBJC_IMPLICIT_RETAIN_SELF = YES;
				CLANG_WARN_OBJC_LITERAL_CONVERSION = YES;
				CLANG_WARN_OBJC_ROOT_CLASS = YES_ERROR;
				CLANG_WARN_RANGE_LOOP_ANALYSIS = YES;
				CLANG_WARN_STRICT_PROTOTYPES = YES;
				CLANG_WARN_SUSPICIOUS_MOVE = YES;
				CLANG_WARN_UNGUARDED_AVAILABILITY = YES_AGGRESSIVE;
				CLANG_WARN_UNREACHABLE_CODE = YES;
				CLANG_WARN__DUPLICATE_METHOD_MATCH = YES;
				COPY_PHASE_STRIP = NO;
				DEBUG_INFORMATION_FORMAT = "dwarf-with-dsym";
				ENABLE_NS_ASSERTIONS = NO;
				ENABLE_STRICT_OBJC_MSGSEND = YES;
				GCC_C_LANGUAGE_STANDARD = gnu11;
				GCC_NO_COMMON_BLOCKS = YES;
				GCC_WARN_64_TO_32_BIT_CONVERSION = YES;
				GCC_WARN_ABOUT_RETURN_TYPE = YES_ERROR;
				GCC_WARN_UNDECLARED_SELECTOR = YES;
				GCC_WARN_UNINITIALIZED_AUTOS = YES_AGGRESSIVE;
				GCC_WARN_UNUSED_FUNCTION = YES;
				GCC_WARN_UNUSED_VARIABLE = YES;
				IPHONEOS_DEPLOYMENT_TARGET = 13.2;
				MTL_ENABLE_DEBUG_INFO = NO;
				MTL_FAST_MATH = YES;
				SDKROOT = iphoneos;
				VALIDATE_PRODUCT = YES;
			};
			name = Release;
		};
		DCB51C9426FC133500F9F1FF /* Debug */ = {
			isa = XCBuildConfiguration;
			buildSettings = {
				ASSETCATALOG_COMPILER_APPICON_NAME = AppIcon;
				CODE_SIGN_STYLE = Automatic;
				INFOPLIST_FILE = "04应用下载/Info.plist";
				LD_RUNPATH_SEARCH_PATHS = (
					"$(inherited)",
					"@executable_path/Frameworks",
				);
				PRODUCT_BUNDLE_IDENTIFIER = "org.peyet.iOS.-4----";
				PRODUCT_NAME = "$(TARGET_NAME)";
				TARGETED_DEVICE_FAMILY = "1,2";
			};
			name = Debug;
		};
		DCB51C9526FC133500F9F1FF /* Release */ = {
			isa = XCBuildConfiguration;
			buildSettings = {
				ASSETCATALOG_COMPILER_APPICON_NAME = AppIcon;
				CODE_SIGN_STYLE = Automatic;
				INFOPLIST_FILE = "04应用下载/Info.plist";
				LD_RUNPATH_SEARCH_PATHS = (
					"$(inherited)",
					"@executable_path/Frameworks",
				);
				PRODUCT_BUNDLE_IDENTIFIER = "org.peyet.iOS.-4----";
				PRODUCT_NAME = "$(TARGET_NAME)";
				TARGETED_DEVICE_FAMILY = "1,2";
			};
			name = Release;
		};
/* End XCBuildConfiguration section */

/* Begin XCConfigurationList section */
		DCB51C7526FC133300F9F1FF /* Build configuration list for PBXProject "04应用下载" */ = {
			isa = XCConfigurationList;
			buildConfigurations = (
				DCB51C9126FC133500F9F1FF /* Debug */,
				DCB51C9226FC133500F9F1FF /* Release */,
			);
			defaultConfigurationIsVisible = 0;
			defaultConfigurationName = Release;
		};
		DCB51C9326FC133500F9F1FF /* Build configuration list for PBXNativeTarget "04应用下载" */ = {
			isa = XCConfigurationList;
			buildConfigurations = (
				DCB51C9426FC133500F9F1FF /* Debug */,
				DCB51C9526FC133500F9F1FF /* Release */,
			);
			defaultConfigurationIsVisible = 0;
			defaultConfigurationName = Release;
		};
/* End XCConfigurationList section */
	};
	rootObject = DCB51C7226FC133300F9F1FF /* Project object */;
}
