// !$*UTF8*$!
{
	archiveVersion = 1;
	classes = {
	};
	objectVersion = 50;
	objects = {

/* Begin PBXBuildFile section */
		DC1756512749E15500DC30A8 /* AppDelegate.m in Sources */ = {isa = PBXBuildFile; fileRef = DC1756502749E15500DC30A8 /* AppDelegate.m */; };
		DC1756542749E15500DC30A8 /* SceneDelegate.m in Sources */ = {isa = PBXBuildFile; fileRef = DC1756532749E15500DC30A8 /* SceneDelegate.m */; };
		DC17565C2749E15700DC30A8 /* Assets.xcassets in Resources */ = {isa = PBXBuildFile; fileRef = DC17565B2749E15700DC30A8 /* Assets.xcassets */; };
		DC17565F2749E15700DC30A8 /* LaunchScreen.storyboard in Resources */ = {isa = PBXBuildFile; fileRef = DC17565D2749E15700DC30A8 /* LaunchScreen.storyboard */; };
		DC1756622749E15700DC30A8 /* main.m in Sources */ = {isa = PBXBuildFile; fileRef = DC1756612749E15700DC30A8 /* main.m */; };
		DC40D232274B941A0091BD01 /* News.storyboard in Resources */ = {isa = PBXBuildFile; fileRef = DC40D231274B941A0091BD01 /* News.storyboard */; };
		DC40D235274B948E0091BD01 /* ImageLoopController.m in Sources */ = {isa = PBXBuildFile; fileRef = DC40D234274B948E0091BD01 /* ImageLoopController.m */; };
		DC4D0DBA274BC7F80005E781 /* headlineCell.m in Sources */ = {isa = PBXBuildFile; fileRef = DC4D0DB9274BC7F80005E781 /* headlineCell.m */; };
		DC4D0DBF274C904A0005E781 /* News.m in Sources */ = {isa = PBXBuildFile; fileRef = DC4D0DBE274C904A0005E781 /* News.m */; };
		DC4D0DC2274C9B400005E781 /* NewsListController.m in Sources */ = {isa = PBXBuildFile; fileRef = DC4D0DC1274C9B400005E781 /* NewsListController.m */; };
		DC4D0DC5274CA0480005E781 /* NewsCell.m in Sources */ = {isa = PBXBuildFile; fileRef = DC4D0DC4274CA0480005E781 /* NewsCell.m */; };
		DC4D0DC7274D24550005E781 /* Home.storyboard in Resources */ = {isa = PBXBuildFile; fileRef = DC4D0DC6274D24550005E781 /* Home.storyboard */; };
		DC4D0DC9274D29DE0005E781 /* topic_news.json in Resources */ = {isa = PBXBuildFile; fileRef = DC4D0DC8274D29DD0005E781 /* topic_news.json */; };
		DCB8C2322749EABA00C6F2E1 /* MyNetWorkTools.m in Sources */ = {isa = PBXBuildFile; fileRef = DCB8C2312749EABA00C6F2E1 /* MyNetWorkTools.m */; };
		DCB8C236274A1A3000C6F2E1 /* Headline.m in Sources */ = {isa = PBXBuildFile; fileRef = DCB8C235274A1A3000C6F2E1 /* Headline.m */; };
		E3E4E0FEA7F082EDD3E0A466 /* libPods-016-网易新闻.a in Frameworks */ = {isa = PBXBuildFile; fileRef = 385E3B0BC935C4FBA0360DD6 /* libPods-016-网易新闻.a */; };
/* End PBXBuildFile section */

/* Begin PBXFileReference section */
		385E3B0BC935C4FBA0360DD6 /* libPods-016-网易新闻.a */ = {isa = PBXFileReference; explicitFileType = archive.ar; includeInIndex = 0; path = "libPods-016-网易新闻.a"; sourceTree = BUILT_PRODUCTS_DIR; };
		B97523897269864116311381 /* Pods-016-网易新闻.release.xcconfig */ = {isa = PBXFileReference; includeInIndex = 1; lastKnownFileType = text.xcconfig; name = "Pods-016-网易新闻.release.xcconfig"; path = "Target Support Files/Pods-016-网易新闻/Pods-016-网易新闻.release.xcconfig"; sourceTree = "<group>"; };
		DC17564C2749E15500DC30A8 /* 016-网易新闻.app */ = {isa = PBXFileReference; explicitFileType = wrapper.application; includeInIndex = 0; path = "016-网易新闻.app"; sourceTree = BUILT_PRODUCTS_DIR; };
		DC17564F2749E15500DC30A8 /* AppDelegate.h */ = {isa = PBXFileReference; lastKnownFileType = sourcecode.c.h; path = AppDelegate.h; sourceTree = "<group>"; };
		DC1756502749E15500DC30A8 /* AppDelegate.m */ = {isa = PBXFileReference; lastKnownFileType = sourcecode.c.objc; path = AppDelegate.m; sourceTree = "<group>"; };
		DC1756522749E15500DC30A8 /* SceneDelegate.h */ = {isa = PBXFileReference; lastKnownFileType = sourcecode.c.h; path = SceneDelegate.h; sourceTree = "<group>"; };
		DC1756532749E15500DC30A8 /* SceneDelegate.m */ = {isa = PBXFileReference; lastKnownFileType = sourcecode.c.objc; path = SceneDelegate.m; sourceTree = "<group>"; };
		DC17565B2749E15700DC30A8 /* Assets.xcassets */ = {isa = PBXFileReference; lastKnownFileType = folder.assetcatalog; path = Assets.xcassets; sourceTree = "<group>"; };
		DC17565E2749E15700DC30A8 /* Base */ = {isa = PBXFileReference; lastKnownFileType = file.storyboard; name = Base; path = Base.lproj/LaunchScreen.storyboard; sourceTree = "<group>"; };
		DC1756602749E15700DC30A8 /* Info.plist */ = {isa = PBXFileReference; lastKnownFileType = text.plist.xml; path = Info.plist; sourceTree = "<group>"; };
		DC1756612749E15700DC30A8 /* main.m */ = {isa = PBXFileReference; lastKnownFileType = sourcecode.c.objc; path = main.m; sourceTree = "<group>"; };
		DC40D231274B941A0091BD01 /* News.storyboard */ = {isa = PBXFileReference; lastKnownFileType = file.storyboard; path = News.storyboard; sourceTree = "<group>"; };
		DC40D233274B948E0091BD01 /* ImageLoopController.h */ = {isa = PBXFileReference; lastKnownFileType = sourcecode.c.h; path = ImageLoopController.h; sourceTree = "<group>"; };
		DC40D234274B948E0091BD01 /* ImageLoopController.m */ = {isa = PBXFileReference; lastKnownFileType = sourcecode.c.objc; path = ImageLoopController.m; sourceTree = "<group>"; };
		DC4D0DB8274BC7F80005E781 /* headlineCell.h */ = {isa = PBXFileReference; lastKnownFileType = sourcecode.c.h; path = headlineCell.h; sourceTree = "<group>"; };
		DC4D0DB9274BC7F80005E781 /* headlineCell.m */ = {isa = PBXFileReference; lastKnownFileType = sourcecode.c.objc; path = headlineCell.m; sourceTree = "<group>"; };
		DC4D0DBD274C904A0005E781 /* News.h */ = {isa = PBXFileReference; lastKnownFileType = sourcecode.c.h; path = News.h; sourceTree = "<group>"; };
		DC4D0DBE274C904A0005E781 /* News.m */ = {isa = PBXFileReference; lastKnownFileType = sourcecode.c.objc; path = News.m; sourceTree = "<group>"; };
		DC4D0DC0274C9B400005E781 /* NewsListController.h */ = {isa = PBXFileReference; lastKnownFileType = sourcecode.c.h; path = NewsListController.h; sourceTree = "<group>"; };
		DC4D0DC1274C9B400005E781 /* NewsListController.m */ = {isa = PBXFileReference; lastKnownFileType = sourcecode.c.objc; path = NewsListController.m; sourceTree = "<group>"; };
		DC4D0DC3274CA0480005E781 /* NewsCell.h */ = {isa = PBXFileReference; lastKnownFileType = sourcecode.c.h; path = NewsCell.h; sourceTree = "<group>"; };
		DC4D0DC4274CA0480005E781 /* NewsCell.m */ = {isa = PBXFileReference; lastKnownFileType = sourcecode.c.objc; path = NewsCell.m; sourceTree = "<group>"; };
		DC4D0DC6274D24550005E781 /* Home.storyboard */ = {isa = PBXFileReference; lastKnownFileType = file.storyboard; path = Home.storyboard; sourceTree = "<group>"; };
		DC4D0DC8274D29DD0005E781 /* topic_news.json */ = {isa = PBXFileReference; fileEncoding = 4; lastKnownFileType = text.json; name = topic_news.json; path = "../../../../../../iOS-Course-Code/2016iOS教程iOS开发之网络通信资料/第7天/2.代码/09-网易新闻-加载新闻分类的数据/01-网易新闻/topic_news.json"; sourceTree = "<group>"; };
		DCB8C2302749EABA00C6F2E1 /* MyNetWorkTools.h */ = {isa = PBXFileReference; lastKnownFileType = sourcecode.c.h; path = MyNetWorkTools.h; sourceTree = "<group>"; };
		DCB8C2312749EABA00C6F2E1 /* MyNetWorkTools.m */ = {isa = PBXFileReference; lastKnownFileType = sourcecode.c.objc; path = MyNetWorkTools.m; sourceTree = "<group>"; };
		DCB8C234274A1A3000C6F2E1 /* Headline.h */ = {isa = PBXFileReference; lastKnownFileType = sourcecode.c.h; path = Headline.h; sourceTree = "<group>"; };
		DCB8C235274A1A3000C6F2E1 /* Headline.m */ = {isa = PBXFileReference; lastKnownFileType = sourcecode.c.objc; path = Headline.m; sourceTree = "<group>"; };
		EC28DEE1F80EDD045AD3E440 /* Pods-016-网易新闻.debug.xcconfig */ = {isa = PBXFileReference; includeInIndex = 1; lastKnownFileType = text.xcconfig; name = "Pods-016-网易新闻.debug.xcconfig"; path = "Target Support Files/Pods-016-网易新闻/Pods-016-网易新闻.debug.xcconfig"; sourceTree = "<group>"; };
/* End PBXFileReference section */

/* Begin PBXFrameworksBuildPhase section */
		DC1756492749E15500DC30A8 /* Frameworks */ = {
			isa = PBXFrameworksBuildPhase;
			buildActionMask = 2147483647;
			files = (
				E3E4E0FEA7F082EDD3E0A466 /* libPods-016-网易新闻.a in Frameworks */,
			);
			runOnlyForDeploymentPostprocessing = 0;
		};
/* End PBXFrameworksBuildPhase section */

/* Begin PBXGroup section */
		A0F673892CDD93E8BA7AE233 /* Pods */ = {
			isa = PBXGroup;
			children = (
				EC28DEE1F80EDD045AD3E440 /* Pods-016-网易新闻.debug.xcconfig */,
				B97523897269864116311381 /* Pods-016-网易新闻.release.xcconfig */,
			);
			path = Pods;
			sourceTree = "<group>";
		};
		B5BFDA2456627376F4D12072 /* Frameworks */ = {
			isa = PBXGroup;
			children = (
				385E3B0BC935C4FBA0360DD6 /* libPods-016-网易新闻.a */,
			);
			name = Frameworks;
			sourceTree = "<group>";
		};
		DC1756432749E15500DC30A8 = {
			isa = PBXGroup;
			children = (
				DC17564E2749E15500DC30A8 /* 016-网易新闻 */,
				DC17564D2749E15500DC30A8 /* Products */,
				A0F673892CDD93E8BA7AE233 /* Pods */,
				B5BFDA2456627376F4D12072 /* Frameworks */,
			);
			sourceTree = "<group>";
		};
		DC17564D2749E15500DC30A8 /* Products */ = {
			isa = PBXGroup;
			children = (
				DC17564C2749E15500DC30A8 /* 016-网易新闻.app */,
			);
			name = Products;
			sourceTree = "<group>";
		};
		DC17564E2749E15500DC30A8 /* 016-网易新闻 */ = {
			isa = PBXGroup;
			children = (
				DC4D0DBC274BE6730005E781 /* News */,
				DCB8C233274A1A0D00C6F2E1 /* ImageLoop */,
				DCB8C22F2749EA7000C6F2E1 /* Tools */,
				DC17564F2749E15500DC30A8 /* AppDelegate.h */,
				DC1756502749E15500DC30A8 /* AppDelegate.m */,
				DC1756522749E15500DC30A8 /* SceneDelegate.h */,
				DC1756532749E15500DC30A8 /* SceneDelegate.m */,
				DC17565B2749E15700DC30A8 /* Assets.xcassets */,
				DC17565D2749E15700DC30A8 /* LaunchScreen.storyboard */,
				DC1756602749E15700DC30A8 /* Info.plist */,
				DC1756612749E15700DC30A8 /* main.m */,
				DC4D0DC6274D24550005E781 /* Home.storyboard */,
				DC4D0DC8274D29DD0005E781 /* topic_news.json */,
			);
			path = "016-网易新闻";
			sourceTree = "<group>";
		};
		DC4D0DBC274BE6730005E781 /* News */ = {
			isa = PBXGroup;
			children = (
				DC4D0DBD274C904A0005E781 /* News.h */,
				DC4D0DBE274C904A0005E781 /* News.m */,
				DC4D0DC0274C9B400005E781 /* NewsListController.h */,
				DC4D0DC1274C9B400005E781 /* NewsListController.m */,
				DC4D0DC3274CA0480005E781 /* NewsCell.h */,
				DC4D0DC4274CA0480005E781 /* NewsCell.m */,
				DC40D231274B941A0091BD01 /* News.storyboard */,
			);
			path = News;
			sourceTree = "<group>";
		};
		DCB8C22F2749EA7000C6F2E1 /* Tools */ = {
			isa = PBXGroup;
			children = (
				DCB8C2302749EABA00C6F2E1 /* MyNetWorkTools.h */,
				DCB8C2312749EABA00C6F2E1 /* MyNetWorkTools.m */,
			);
			path = Tools;
			sourceTree = "<group>";
		};
		DCB8C233274A1A0D00C6F2E1 /* ImageLoop */ = {
			isa = PBXGroup;
			children = (
				DCB8C234274A1A3000C6F2E1 /* Headline.h */,
				DCB8C235274A1A3000C6F2E1 /* Headline.m */,
				DC40D233274B948E0091BD01 /* ImageLoopController.h */,
				DC40D234274B948E0091BD01 /* ImageLoopController.m */,
				DC4D0DB8274BC7F80005E781 /* headlineCell.h */,
				DC4D0DB9274BC7F80005E781 /* headlineCell.m */,
			);
			path = ImageLoop;
			sourceTree = "<group>";
		};
/* End PBXGroup section */

/* Begin PBXNativeTarget section */
		DC17564B2749E15500DC30A8 /* 016-网易新闻 */ = {
			isa = PBXNativeTarget;
			buildConfigurationList = DC1756652749E15700DC30A8 /* Build configuration list for PBXNativeTarget "016-网易新闻" */;
			buildPhases = (
				2B3DBBBE64E31BFDC66D642A /* [CP] Check Pods Manifest.lock */,
				DC1756482749E15500DC30A8 /* Sources */,
				DC1756492749E15500DC30A8 /* Frameworks */,
				DC17564A2749E15500DC30A8 /* Resources */,
			);
			buildRules = (
			);
			dependencies = (
			);
			name = "016-网易新闻";
			productName = "016-网易新闻";
			productReference = DC17564C2749E15500DC30A8 /* 016-网易新闻.app */;
			productType = "com.apple.product-type.application";
		};
/* End PBXNativeTarget section */

/* Begin PBXProject section */
		DC1756442749E15500DC30A8 /* Project object */ = {
			isa = PBXProject;
			attributes = {
				LastUpgradeCheck = 1120;
				ORGANIZATIONNAME = "Peyet-Zhao";
				TargetAttributes = {
					DC17564B2749E15500DC30A8 = {
						CreatedOnToolsVersion = 11.2.1;
					};
				};
			};
			buildConfigurationList = DC1756472749E15500DC30A8 /* Build configuration list for PBXProject "016-网易新闻" */;
			compatibilityVersion = "Xcode 9.3";
			developmentRegion = en;
			hasScannedForEncodings = 0;
			knownRegions = (
				en,
				Base,
			);
			mainGroup = DC1756432749E15500DC30A8;
			productRefGroup = DC17564D2749E15500DC30A8 /* Products */;
			projectDirPath = "";
			projectRoot = "";
			targets = (
				DC17564B2749E15500DC30A8 /* 016-网易新闻 */,
			);
		};
/* End PBXProject section */

/* Begin PBXResourcesBuildPhase section */
		DC17564A2749E15500DC30A8 /* Resources */ = {
			isa = PBXResourcesBuildPhase;
			buildActionMask = 2147483647;
			files = (
				DC17565F2749E15700DC30A8 /* LaunchScreen.storyboard in Resources */,
				DC40D232274B941A0091BD01 /* News.storyboard in Resources */,
				DC17565C2749E15700DC30A8 /* Assets.xcassets in Resources */,
				DC4D0DC9274D29DE0005E781 /* topic_news.json in Resources */,
				DC4D0DC7274D24550005E781 /* Home.storyboard in Resources */,
			);
			runOnlyForDeploymentPostprocessing = 0;
		};
/* End PBXResourcesBuildPhase section */

/* Begin PBXShellScriptBuildPhase section */
		2B3DBBBE64E31BFDC66D642A /* [CP] Check Pods Manifest.lock */ = {
			isa = PBXShellScriptBuildPhase;
			buildActionMask = 2147483647;
			files = (
			);
			inputFileListPaths = (
			);
			inputPaths = (
				"${PODS_PODFILE_DIR_PATH}/Podfile.lock",
				"${PODS_ROOT}/Manifest.lock",
			);
			name = "[CP] Check Pods Manifest.lock";
			outputFileListPaths = (
			);
			outputPaths = (
				"$(DERIVED_FILE_DIR)/Pods-016-网易新闻-checkManifestLockResult.txt",
			);
			runOnlyForDeploymentPostprocessing = 0;
			shellPath = /bin/sh;
			shellScript = "diff \"${PODS_PODFILE_DIR_PATH}/Podfile.lock\" \"${PODS_ROOT}/Manifest.lock\" > /dev/null\nif [ $? != 0 ] ; then\n    # print error to STDERR\n    echo \"error: The sandbox is not in sync with the Podfile.lock. Run 'pod install' or update your CocoaPods installation.\" >&2\n    exit 1\nfi\n# This output is used by Xcode 'outputs' to avoid re-running this script phase.\necho \"SUCCESS\" > \"${SCRIPT_OUTPUT_FILE_0}\"\n";
			showEnvVarsInLog = 0;
		};
/* End PBXShellScriptBuildPhase section */

/* Begin PBXSourcesBuildPhase section */
		DC1756482749E15500DC30A8 /* Sources */ = {
			isa = PBXSourcesBuildPhase;
			buildActionMask = 2147483647;
			files = (
				DCB8C2322749EABA00C6F2E1 /* MyNetWorkTools.m in Sources */,
				DC1756512749E15500DC30A8 /* AppDelegate.m in Sources */,
				DCB8C236274A1A3000C6F2E1 /* Headline.m in Sources */,
				DC1756622749E15700DC30A8 /* main.m in Sources */,
				DC1756542749E15500DC30A8 /* SceneDelegate.m in Sources */,
				DC40D235274B948E0091BD01 /* ImageLoopController.m in Sources */,
				DC4D0DC2274C9B400005E781 /* NewsListController.m in Sources */,
				DC4D0DBF274C904A0005E781 /* News.m in Sources */,
				DC4D0DC5274CA0480005E781 /* NewsCell.m in Sources */,
				DC4D0DBA274BC7F80005E781 /* headlineCell.m in Sources */,
			);
			runOnlyForDeploymentPostprocessing = 0;
		};
/* End PBXSourcesBuildPhase section */

/* Begin PBXVariantGroup section */
		DC17565D2749E15700DC30A8 /* LaunchScreen.storyboard */ = {
			isa = PBXVariantGroup;
			children = (
				DC17565E2749E15700DC30A8 /* Base */,
			);
			name = LaunchScreen.storyboard;
			sourceTree = "<group>";
		};
/* End PBXVariantGroup section */

/* Begin XCBuildConfiguration section */
		DC1756632749E15700DC30A8 /* Debug */ = {
			isa = XCBuildConfiguration;
			buildSettings = {
				ALWAYS_SEARCH_USER_PATHS = NO;
				CLANG_ANALYZER_NONNULL = YES;
				CLANG_ANALYZER_NUMBER_OBJECT_CONVERSION = YES_AGGRESSIVE;
				CLANG_CXX_LANGUAGE_STANDARD = "gnu++14";
				CLANG_CXX_LIBRARY = "libc++";
				CLANG_ENABLE_MODULES = YES;
				CLANG_ENABLE_OBJC_ARC = YES;
				CLANG_ENABLE_OBJC_WEAK = YES;
				CLANG_WARN_BLOCK_CAPTURE_AUTORELEASING = YES;
				CLANG_WARN_BOOL_CONVERSION = YES;
				CLANG_WARN_COMMA = YES;
				CLANG_WARN_CONSTANT_CONVERSION = YES;
				CLANG_WARN_DEPRECATED_OBJC_IMPLEMENTATIONS = YES;
				CLANG_WARN_DIRECT_OBJC_ISA_USAGE = YES_ERROR;
				CLANG_WARN_DOCUMENTATION_COMMENTS = YES;
				CLANG_WARN_EMPTY_BODY = YES;
				CLANG_WARN_ENUM_CONVERSION = YES;
				CLANG_WARN_INFINITE_RECURSION = YES;
				CLANG_WARN_INT_CONVERSION = YES;
				CLANG_WARN_NON_LITERAL_NULL_CONVERSION = YES;
				CLANG_WARN_OBJC_IMPLICIT_RETAIN_SELF = YES;
				CLANG_WARN_OBJC_LITERAL_CONVERSION = YES;
				CLANG_WARN_OBJC_ROOT_CLASS = YES_ERROR;
				CLANG_WARN_RANGE_LOOP_ANALYSIS = YES;
				CLANG_WARN_STRICT_PROTOTYPES = YES;
				CLANG_WARN_SUSPICIOUS_MOVE = YES;
				CLANG_WARN_UNGUARDED_AVAILABILITY = YES_AGGRESSIVE;
				CLANG_WARN_UNREACHABLE_CODE = YES;
				CLANG_WARN__DUPLICATE_METHOD_MATCH = YES;
				COPY_PHASE_STRIP = NO;
				DEBUG_INFORMATION_FORMAT = dwarf;
				ENABLE_STRICT_OBJC_MSGSEND = YES;
				ENABLE_TESTABILITY = YES;
				GCC_C_LANGUAGE_STANDARD = gnu11;
				GCC_DYNAMIC_NO_PIC = NO;
				GCC_NO_COMMON_BLOCKS = YES;
				GCC_OPTIMIZATION_LEVEL = 0;
				GCC_PREPROCESSOR_DEFINITIONS = (
					"DEBUG=1",
					"$(inherited)",
				);
				GCC_WARN_64_TO_32_BIT_CONVERSION = YES;
				GCC_WARN_ABOUT_RETURN_TYPE = YES_ERROR;
				GCC_WARN_UNDECLARED_SELECTOR = YES;
				GCC_WARN_UNINITIALIZED_AUTOS = YES_AGGRESSIVE;
				GCC_WARN_UNUSED_FUNCTION = YES;
				GCC_WARN_UNUSED_VARIABLE = YES;
				IPHONEOS_DEPLOYMENT_TARGET = 13.2;
				MTL_ENABLE_DEBUG_INFO = INCLUDE_SOURCE;
				MTL_FAST_MATH = YES;
				ONLY_ACTIVE_ARCH = YES;
				SDKROOT = iphoneos;
			};
			name = Debug;
		};
		DC1756642749E15700DC30A8 /* Release */ = {
			isa = XCBuildConfiguration;
			buildSettings = {
				ALWAYS_SEARCH_USER_PATHS = NO;
				CLANG_ANALYZER_NONNULL = YES;
				CLANG_ANALYZER_NUMBER_OBJECT_CONVERSION = YES_AGGRESSIVE;
				CLANG_CXX_LANGUAGE_STANDARD = "gnu++14";
				CLANG_CXX_LIBRARY = "libc++";
				CLANG_ENABLE_MODULES = YES;
				CLANG_ENABLE_OBJC_ARC = YES;
				CLANG_ENABLE_OBJC_WEAK = YES;
				CLANG_WARN_BLOCK_CAPTURE_AUTORELEASING = YES;
				CLANG_WARN_BOOL_CONVERSION = YES;
				CLANG_WARN_COMMA = YES;
				CLANG_WARN_CONSTANT_CONVERSION = YES;
				CLANG_WARN_DEPRECATED_OBJC_IMPLEMENTATIONS = YES;
				CLANG_WARN_DIRECT_OBJC_ISA_USAGE = YES_ERROR;
				CLANG_WARN_DOCUMENTATION_COMMENTS = YES;
				CLANG_WARN_EMPTY_BODY = YES;
				CLANG_WARN_ENUM_CONVERSION = YES;
				CLANG_WARN_INFINITE_RECURSION = YES;
				CLANG_WARN_INT_CONVERSION = YES;
				CLANG_WARN_NON_LITERAL_NULL_CONVERSION = YES;
				CLANG_WARN_OBJC_IMPLICIT_RETAIN_SELF = YES;
				CLANG_WARN_OBJC_LITERAL_CONVERSION = YES;
				CLANG_WARN_OBJC_ROOT_CLASS = YES_ERROR;
				CLANG_WARN_RANGE_LOOP_ANALYSIS = YES;
				CLANG_WARN_STRICT_PROTOTYPES = YES;
				CLANG_WARN_SUSPICIOUS_MOVE = YES;
				CLANG_WARN_UNGUARDED_AVAILABILITY = YES_AGGRESSIVE;
				CLANG_WARN_UNREACHABLE_CODE = YES;
				CLANG_WARN__DUPLICATE_METHOD_MATCH = YES;
				COPY_PHASE_STRIP = NO;
				DEBUG_INFORMATION_FORMAT = "dwarf-with-dsym";
				ENABLE_NS_ASSERTIONS = NO;
				ENABLE_STRICT_OBJC_MSGSEND = YES;
				GCC_C_LANGUAGE_STANDARD = gnu11;
				GCC_NO_COMMON_BLOCKS = YES;
				GCC_WARN_64_TO_32_BIT_CONVERSION = YES;
				GCC_WARN_ABOUT_RETURN_TYPE = YES_ERROR;
				GCC_WARN_UNDECLARED_SELECTOR = YES;
				GCC_WARN_UNINITIALIZED_AUTOS = YES_AGGRESSIVE;
				GCC_WARN_UNUSED_FUNCTION = YES;
				GCC_WARN_UNUSED_VARIABLE = YES;
				IPHONEOS_DEPLOYMENT_TARGET = 13.2;
				MTL_ENABLE_DEBUG_INFO = NO;
				MTL_FAST_MATH = YES;
				SDKROOT = iphoneos;
				VALIDATE_PRODUCT = YES;
			};
			name = Release;
		};
		DC1756662749E15700DC30A8 /* Debug */ = {
			isa = XCBuildConfiguration;
			baseConfigurationReference = EC28DEE1F80EDD045AD3E440 /* Pods-016-网易新闻.debug.xcconfig */;
			buildSettings = {
				ASSETCATALOG_COMPILER_APPICON_NAME = AppIcon;
				CODE_SIGN_STYLE = Automatic;
				INFOPLIST_FILE = "016-网易新闻/Info.plist";
				LD_RUNPATH_SEARCH_PATHS = (
					"$(inherited)",
					"@executable_path/Frameworks",
				);
				PRODUCT_BUNDLE_IDENTIFIER = "org.peyet.iOS.-16-----";
				PRODUCT_NAME = "$(TARGET_NAME)";
				TARGETED_DEVICE_FAMILY = "1,2";
			};
			name = Debug;
		};
		DC1756672749E15700DC30A8 /* Release */ = {
			isa = XCBuildConfiguration;
			baseConfigurationReference = B97523897269864116311381 /* Pods-016-网易新闻.release.xcconfig */;
			buildSettings = {
				ASSETCATALOG_COMPILER_APPICON_NAME = AppIcon;
				CODE_SIGN_STYLE = Automatic;
				INFOPLIST_FILE = "016-网易新闻/Info.plist";
				LD_RUNPATH_SEARCH_PATHS = (
					"$(inherited)",
					"@executable_path/Frameworks",
				);
				PRODUCT_BUNDLE_IDENTIFIER = "org.peyet.iOS.-16-----";
				PRODUCT_NAME = "$(TARGET_NAME)";
				TARGETED_DEVICE_FAMILY = "1,2";
			};
			name = Release;
		};
/* End XCBuildConfiguration section */

/* Begin XCConfigurationList section */
		DC1756472749E15500DC30A8 /* Build configuration list for PBXProject "016-网易新闻" */ = {
			isa = XCConfigurationList;
			buildConfigurations = (
				DC1756632749E15700DC30A8 /* Debug */,
				DC1756642749E15700DC30A8 /* Release */,
			);
			defaultConfigurationIsVisible = 0;
			defaultConfigurationName = Release;
		};
		DC1756652749E15700DC30A8 /* Build configuration list for PBXNativeTarget "016-网易新闻" */ = {
			isa = XCConfigurationList;
			buildConfigurations = (
				DC1756662749E15700DC30A8 /* Debug */,
				DC1756672749E15700DC30A8 /* Release */,
			);
			defaultConfigurationIsVisible = 0;
			defaultConfigurationName = Release;
		};
/* End XCConfigurationList section */
	};
	rootObject = DC1756442749E15500DC30A8 /* Project object */;
}
