// !$*UTF8*$!
{
	archiveVersion = 1;
	classes = {
	};
	objectVersion = 50;
	objects = {

/* Begin PBXBuildFile section */
		DC9253262702C78F0013B546 /* AppDelegate.m in Sources */ = {isa = PBXBuildFile; fileRef = DC9253252702C78F0013B546 /* AppDelegate.m */; };
		DC9253292702C78F0013B546 /* SceneDelegate.m in Sources */ = {isa = PBXBuildFile; fileRef = DC9253282702C78F0013B546 /* SceneDelegate.m */; };
		DC92532C2702C78F0013B546 /* ViewController.m in Sources */ = {isa = PBXBuildFile; fileRef = DC92532B2702C78F0013B546 /* ViewController.m */; };
		DC92532F2702C78F0013B546 /* Main.storyboard in Resources */ = {isa = PBXBuildFile; fileRef = DC92532D2702C78F0013B546 /* Main.storyboard */; };
		DC9253312702C7930013B546 /* Assets.xcassets in Resources */ = {isa = PBXBuildFile; fileRef = DC9253302702C7930013B546 /* Assets.xcassets */; };
		DC9253342702C7930013B546 /* LaunchScreen.storyboard in Resources */ = {isa = PBXBuildFile; fileRef = DC9253322702C7930013B546 /* LaunchScreen.storyboard */; };
		DC9253372702C7930013B546 /* main.m in Sources */ = {isa = PBXBuildFile; fileRef = DC9253362702C7930013B546 /* main.m */; };
		DC92533E2702CEF30013B546 /* OK.storyboard in Resources */ = {isa = PBXBuildFile; fileRef = DC92533D2702CEF30013B546 /* OK.storyboard */; };
/* End PBXBuildFile section */

/* Begin PBXFileReference section */
		DC9253212702C78F0013B546 /* 01-AppDelegate.app */ = {isa = PBXFileReference; explicitFileType = wrapper.application; includeInIndex = 0; path = "01-AppDelegate.app"; sourceTree = BUILT_PRODUCTS_DIR; };
		DC9253242702C78F0013B546 /* AppDelegate.h */ = {isa = PBXFileReference; lastKnownFileType = sourcecode.c.h; path = AppDelegate.h; sourceTree = "<group>"; };
		DC9253252702C78F0013B546 /* AppDelegate.m */ = {isa = PBXFileReference; lastKnownFileType = sourcecode.c.objc; path = AppDelegate.m; sourceTree = "<group>"; };
		DC9253272702C78F0013B546 /* SceneDelegate.h */ = {isa = PBXFileReference; lastKnownFileType = sourcecode.c.h; path = SceneDelegate.h; sourceTree = "<group>"; };
		DC9253282702C78F0013B546 /* SceneDelegate.m */ = {isa = PBXFileReference; lastKnownFileType = sourcecode.c.objc; path = SceneDelegate.m; sourceTree = "<group>"; };
		DC92532A2702C78F0013B546 /* ViewController.h */ = {isa = PBXFileReference; lastKnownFileType = sourcecode.c.h; path = ViewController.h; sourceTree = "<group>"; };
		DC92532B2702C78F0013B546 /* ViewController.m */ = {isa = PBXFileReference; lastKnownFileType = sourcecode.c.objc; path = ViewController.m; sourceTree = "<group>"; };
		DC92532E2702C78F0013B546 /* Base */ = {isa = PBXFileReference; lastKnownFileType = file.storyboard; name = Base; path = Base.lproj/Main.storyboard; sourceTree = "<group>"; };
		DC9253302702C7930013B546 /* Assets.xcassets */ = {isa = PBXFileReference; lastKnownFileType = folder.assetcatalog; path = Assets.xcassets; sourceTree = "<group>"; };
		DC9253332702C7930013B546 /* Base */ = {isa = PBXFileReference; lastKnownFileType = file.storyboard; name = Base; path = Base.lproj/LaunchScreen.storyboard; sourceTree = "<group>"; };
		DC9253352702C7930013B546 /* Info.plist */ = {isa = PBXFileReference; lastKnownFileType = text.plist.xml; path = Info.plist; sourceTree = "<group>"; };
		DC9253362702C7930013B546 /* main.m */ = {isa = PBXFileReference; lastKnownFileType = sourcecode.c.objc; path = main.m; sourceTree = "<group>"; };
		DC92533D2702CEF30013B546 /* OK.storyboard */ = {isa = PBXFileReference; lastKnownFileType = file.storyboard; path = OK.storyboard; sourceTree = "<group>"; };
/* End PBXFileReference section */

/* Begin PBXFrameworksBuildPhase section */
		DC92531E2702C78F0013B546 /* Frameworks */ = {
			isa = PBXFrameworksBuildPhase;
			buildActionMask = 2147483647;
			files = (
			);
			runOnlyForDeploymentPostprocessing = 0;
		};
/* End PBXFrameworksBuildPhase section */

/* Begin PBXGroup section */
		DC9253182702C78F0013B546 = {
			isa = PBXGroup;
			children = (
				DC9253232702C78F0013B546 /* 01-AppDelegate */,
				DC9253222702C78F0013B546 /* Products */,
			);
			sourceTree = "<group>";
		};
		DC9253222702C78F0013B546 /* Products */ = {
			isa = PBXGroup;
			children = (
				DC9253212702C78F0013B546 /* 01-AppDelegate.app */,
			);
			name = Products;
			sourceTree = "<group>";
		};
		DC9253232702C78F0013B546 /* 01-AppDelegate */ = {
			isa = PBXGroup;
			children = (
				DC9253242702C78F0013B546 /* AppDelegate.h */,
				DC9253252702C78F0013B546 /* AppDelegate.m */,
				DC9253272702C78F0013B546 /* SceneDelegate.h */,
				DC9253282702C78F0013B546 /* SceneDelegate.m */,
				DC92532A2702C78F0013B546 /* ViewController.h */,
				DC92532B2702C78F0013B546 /* ViewController.m */,
				DC92532D2702C78F0013B546 /* Main.storyboard */,
				DC9253302702C7930013B546 /* Assets.xcassets */,
				DC9253322702C7930013B546 /* LaunchScreen.storyboard */,
				DC9253352702C7930013B546 /* Info.plist */,
				DC9253362702C7930013B546 /* main.m */,
				DC92533D2702CEF30013B546 /* OK.storyboard */,
			);
			path = "01-AppDelegate";
			sourceTree = "<group>";
		};
/* End PBXGroup section */

/* Begin PBXNativeTarget section */
		DC9253202702C78F0013B546 /* 01-AppDelegate */ = {
			isa = PBXNativeTarget;
			buildConfigurationList = DC92533A2702C7930013B546 /* Build configuration list for PBXNativeTarget "01-AppDelegate" */;
			buildPhases = (
				DC92531D2702C78F0013B546 /* Sources */,
				DC92531E2702C78F0013B546 /* Frameworks */,
				DC92531F2702C78F0013B546 /* Resources */,
			);
			buildRules = (
			);
			dependencies = (
			);
			name = "01-AppDelegate";
			productName = "01-AppDelegate";
			productReference = DC9253212702C78F0013B546 /* 01-AppDelegate.app */;
			productType = "com.apple.product-type.application";
		};
/* End PBXNativeTarget section */

/* Begin PBXProject section */
		DC9253192702C78F0013B546 /* Project object */ = {
			isa = PBXProject;
			attributes = {
				LastUpgradeCheck = 1120;
				ORGANIZATIONNAME = "Peyet-Zhao";
				TargetAttributes = {
					DC9253202702C78F0013B546 = {
						CreatedOnToolsVersion = 11.2.1;
					};
				};
			};
			buildConfigurationList = DC92531C2702C78F0013B546 /* Build configuration list for PBXProject "01-AppDelegate" */;
			compatibilityVersion = "Xcode 9.3";
			developmentRegion = en;
			hasScannedForEncodings = 0;
			knownRegions = (
				en,
				Base,
			);
			mainGroup = DC9253182702C78F0013B546;
			productRefGroup = DC9253222702C78F0013B546 /* Products */;
			projectDirPath = "";
			projectRoot = "";
			targets = (
				DC9253202702C78F0013B546 /* 01-AppDelegate */,
			);
		};
/* End PBXProject section */

/* Begin PBXResourcesBuildPhase section */
		DC92531F2702C78F0013B546 /* Resources */ = {
			isa = PBXResourcesBuildPhase;
			buildActionMask = 2147483647;
			files = (
				DC9253342702C7930013B546 /* LaunchScreen.storyboard in Resources */,
				DC9253312702C7930013B546 /* Assets.xcassets in Resources */,
				DC92533E2702CEF30013B546 /* OK.storyboard in Resources */,
				DC92532F2702C78F0013B546 /* Main.storyboard in Resources */,
			);
			runOnlyForDeploymentPostprocessing = 0;
		};
/* End PBXResourcesBuildPhase section */

/* Begin PBXSourcesBuildPhase section */
		DC92531D2702C78F0013B546 /* Sources */ = {
			isa = PBXSourcesBuildPhase;
			buildActionMask = 2147483647;
			files = (
				DC92532C2702C78F0013B546 /* ViewController.m in Sources */,
				DC9253262702C78F0013B546 /* AppDelegate.m in Sources */,
				DC9253372702C7930013B546 /* main.m in Sources */,
				DC9253292702C78F0013B546 /* SceneDelegate.m in Sources */,
			);
			runOnlyForDeploymentPostprocessing = 0;
		};
/* End PBXSourcesBuildPhase section */

/* Begin PBXVariantGroup section */
		DC92532D2702C78F0013B546 /* Main.storyboard */ = {
			isa = PBXVariantGroup;
			children = (
				DC92532E2702C78F0013B546 /* Base */,
			);
			name = Main.storyboard;
			sourceTree = "<group>";
		};
		DC9253322702C7930013B546 /* LaunchScreen.storyboard */ = {
			isa = PBXVariantGroup;
			children = (
				DC9253332702C7930013B546 /* Base */,
			);
			name = LaunchScreen.storyboard;
			sourceTree = "<group>";
		};
/* End PBXVariantGroup section */

/* Begin XCBuildConfiguration section */
		DC9253382702C7930013B546 /* Debug */ = {
			isa = XCBuildConfiguration;
			buildSettings = {
				ALWAYS_SEARCH_USER_PATHS = NO;
				CLANG_ANALYZER_NONNULL = YES;
				CLANG_ANALYZER_NUMBER_OBJECT_CONVERSION = YES_AGGRESSIVE;
				CLANG_CXX_LANGUAGE_STANDARD = "gnu++14";
				CLANG_CXX_LIBRARY = "libc++";
				CLANG_ENABLE_MODULES = YES;
				CLANG_ENABLE_OBJC_ARC = YES;
				CLANG_ENABLE_OBJC_WEAK = YES;
				CLANG_WARN_BLOCK_CAPTURE_AUTORELEASING = YES;
				CLANG_WARN_BOOL_CONVERSION = YES;
				CLANG_WARN_COMMA = YES;
				CLANG_WARN_CONSTANT_CONVERSION = YES;
				CLANG_WARN_DEPRECATED_OBJC_IMPLEMENTATIONS = YES;
				CLANG_WARN_DIRECT_OBJC_ISA_USAGE = YES_ERROR;
				CLANG_WARN_DOCUMENTATION_COMMENTS = YES;
				CLANG_WARN_EMPTY_BODY = YES;
				CLANG_WARN_ENUM_CONVERSION = YES;
				CLANG_WARN_INFINITE_RECURSION = YES;
				CLANG_WARN_INT_CONVERSION = YES;
				CLANG_WARN_NON_LITERAL_NULL_CONVERSION = YES;
				CLANG_WARN_OBJC_IMPLICIT_RETAIN_SELF = YES;
				CLANG_WARN_OBJC_LITERAL_CONVERSION = YES;
				CLANG_WARN_OBJC_ROOT_CLASS = YES_ERROR;
				CLANG_WARN_RANGE_LOOP_ANALYSIS = YES;
				CLANG_WARN_STRICT_PROTOTYPES = YES;
				CLANG_WARN_SUSPICIOUS_MOVE = YES;
				CLANG_WARN_UNGUARDED_AVAILABILITY = YES_AGGRESSIVE;
				CLANG_WARN_UNREACHABLE_CODE = YES;
				CLANG_WARN__DUPLICATE_METHOD_MATCH = YES;
				COPY_PHASE_STRIP = NO;
				DEBUG_INFORMATION_FORMAT = dwarf;
				ENABLE_STRICT_OBJC_MSGSEND = YES;
				ENABLE_TESTABILITY = YES;
				GCC_C_LANGUAGE_STANDARD = gnu11;
				GCC_DYNAMIC_NO_PIC = NO;
				GCC_NO_COMMON_BLOCKS = YES;
				GCC_OPTIMIZATION_LEVEL = 0;
				GCC_PREPROCESSOR_DEFINITIONS = (
					"DEBUG=1",
					"$(inherited)",
				);
				GCC_WARN_64_TO_32_BIT_CONVERSION = YES;
				GCC_WARN_ABOUT_RETURN_TYPE = YES_ERROR;
				GCC_WARN_UNDECLARED_SELECTOR = YES;
				GCC_WARN_UNINITIALIZED_AUTOS = YES_AGGRESSIVE;
				GCC_WARN_UNUSED_FUNCTION = YES;
				GCC_WARN_UNUSED_VARIABLE = YES;
				IPHONEOS_DEPLOYMENT_TARGET = 13.2;
				MTL_ENABLE_DEBUG_INFO = INCLUDE_SOURCE;
				MTL_FAST_MATH = YES;
				ONLY_ACTIVE_ARCH = YES;
				SDKROOT = iphoneos;
			};
			name = Debug;
		};
		DC9253392702C7930013B546 /* Release */ = {
			isa = XCBuildConfiguration;
			buildSettings = {
				ALWAYS_SEARCH_USER_PATHS = NO;
				CLANG_ANALYZER_NONNULL = YES;
				CLANG_ANALYZER_NUMBER_OBJECT_CONVERSION = YES_AGGRESSIVE;
				CLANG_CXX_LANGUAGE_STANDARD = "gnu++14";
				CLANG_CXX_LIBRARY = "libc++";
				CLANG_ENABLE_MODULES = YES;
				CLANG_ENABLE_OBJC_ARC = YES;
				CLANG_ENABLE_OBJC_WEAK = YES;
				CLANG_WARN_BLOCK_CAPTURE_AUTORELEASING = YES;
				CLANG_WARN_BOOL_CONVERSION = YES;
				CLANG_WARN_COMMA = YES;
				CLANG_WARN_CONSTANT_CONVERSION = YES;
				CLANG_WARN_DEPRECATED_OBJC_IMPLEMENTATIONS = YES;
				CLANG_WARN_DIRECT_OBJC_ISA_USAGE = YES_ERROR;
				CLANG_WARN_DOCUMENTATION_COMMENTS = YES;
				CLANG_WARN_EMPTY_BODY = YES;
				CLANG_WARN_ENUM_CONVERSION = YES;
				CLANG_WARN_INFINITE_RECURSION = YES;
				CLANG_WARN_INT_CONVERSION = YES;
				CLANG_WARN_NON_LITERAL_NULL_CONVERSION = YES;
				CLANG_WARN_OBJC_IMPLICIT_RETAIN_SELF = YES;
				CLANG_WARN_OBJC_LITERAL_CONVERSION = YES;
				CLANG_WARN_OBJC_ROOT_CLASS = YES_ERROR;
				CLANG_WARN_RANGE_LOOP_ANALYSIS = YES;
				CLANG_WARN_STRICT_PROTOTYPES = YES;
				CLANG_WARN_SUSPICIOUS_MOVE = YES;
				CLANG_WARN_UNGUARDED_AVAILABILITY = YES_AGGRESSIVE;
				CLANG_WARN_UNREACHABLE_CODE = YES;
				CLANG_WARN__DUPLICATE_METHOD_MATCH = YES;
				COPY_PHASE_STRIP = NO;
				DEBUG_INFORMATION_FORMAT = "dwarf-with-dsym";
				ENABLE_NS_ASSERTIONS = NO;
				ENABLE_STRICT_OBJC_MSGSEND = YES;
				GCC_C_LANGUAGE_STANDARD = gnu11;
				GCC_NO_COMMON_BLOCKS = YES;
				GCC_WARN_64_TO_32_BIT_CONVERSION = YES;
				GCC_WARN_ABOUT_RETURN_TYPE = YES_ERROR;
				GCC_WARN_UNDECLARED_SELECTOR = YES;
				GCC_WARN_UNINITIALIZED_AUTOS = YES_AGGRESSIVE;
				GCC_WARN_UNUSED_FUNCTION = YES;
				GCC_WARN_UNUSED_VARIABLE = YES;
				IPHONEOS_DEPLOYMENT_TARGET = 13.2;
				MTL_ENABLE_DEBUG_INFO = NO;
				MTL_FAST_MATH = YES;
				SDKROOT = iphoneos;
				VALIDATE_PRODUCT = YES;
			};
			name = Release;
		};
		DC92533B2702C7930013B546 /* Debug */ = {
			isa = XCBuildConfiguration;
			buildSettings = {
				ASSETCATALOG_COMPILER_APPICON_NAME = AppIcon;
				CODE_SIGN_STYLE = Automatic;
				INFOPLIST_FILE = "01-AppDelegate/Info.plist";
				LD_RUNPATH_SEARCH_PATHS = (
					"$(inherited)",
					"@executable_path/Frameworks",
				);
				PRODUCT_BUNDLE_IDENTIFIER = "org.peyet.iOS.-1-AppDelegate";
				PRODUCT_NAME = "$(TARGET_NAME)";
				TARGETED_DEVICE_FAMILY = "1,2";
			};
			name = Debug;
		};
		DC92533C2702C7930013B546 /* Release */ = {
			isa = XCBuildConfiguration;
			buildSettings = {
				ASSETCATALOG_COMPILER_APPICON_NAME = AppIcon;
				CODE_SIGN_STYLE = Automatic;
				INFOPLIST_FILE = "01-AppDelegate/Info.plist";
				LD_RUNPATH_SEARCH_PATHS = (
					"$(inherited)",
					"@executable_path/Frameworks",
				);
				PRODUCT_BUNDLE_IDENTIFIER = "org.peyet.iOS.-1-AppDelegate";
				PRODUCT_NAME = "$(TARGET_NAME)";
				TARGETED_DEVICE_FAMILY = "1,2";
			};
			name = Release;
		};
/* End XCBuildConfiguration section */

/* Begin XCConfigurationList section */
		DC92531C2702C78F0013B546 /* Build configuration list for PBXProject "01-AppDelegate" */ = {
			isa = XCConfigurationList;
			buildConfigurations = (
				DC9253382702C7930013B546 /* Debug */,
				DC9253392702C7930013B546 /* Release */,
			);
			defaultConfigurationIsVisible = 0;
			defaultConfigurationName = Release;
		};
		DC92533A2702C7930013B546 /* Build configuration list for PBXNativeTarget "01-AppDelegate" */ = {
			isa = XCConfigurationList;
			buildConfigurations = (
				DC92533B2702C7930013B546 /* Debug */,
				DC92533C2702C7930013B546 /* Release */,
			);
			defaultConfigurationIsVisible = 0;
			defaultConfigurationName = Release;
		};
/* End XCConfigurationList section */
	};
	rootObject = DC9253192702C78F0013B546 /* Project object */;
}
